// !$*UTF8*$!
{
	archiveVersion = 1;
	classes = {
	};
	objectVersion = 56;
	objects = {

/* Begin PBXBuildFile section */
		BE41E09F295CD7A400273902 /* 20-ValidParentheses.swift in Sources */ = {isa = PBXBuildFile; fileRef = BE41E09D295CD5CD00273902 /* 20-ValidParentheses.swift */; };
		BE41E0CC295E0E5400273902 /* Day15.swift in Sources */ = {isa = PBXBuildFile; fileRef = BE41E0CB295E0E5400273902 /* Day15.swift */; };
		BE41E0CF295E1E4100273902 /* 53-MaximumSubarray.swift in Sources */ = {isa = PBXBuildFile; fileRef = BE41E0CE295E1E4100273902 /* 53-MaximumSubarray.swift */; };
		BE41E0F3295F552000273902 /* Day16.swift in Sources */ = {isa = PBXBuildFile; fileRef = BE41E0F2295F552000273902 /* Day16.swift */; };
		BE41E0F6295F6C1500273902 /* 238-ProductOfArrayExceptSelf.swift in Sources */ = {isa = PBXBuildFile; fileRef = BE41E0F5295F6C1500273902 /* 238-ProductOfArrayExceptSelf.swift */; };
		BE41E0FA2960CE6300273902 /* Day17.swift in Sources */ = {isa = PBXBuildFile; fileRef = BE41E0F92960CE6300273902 /* Day17.swift */; };
		BE41E0FD296215BD00273902 /* Day18.swift in Sources */ = {isa = PBXBuildFile; fileRef = BE41E0FC296215BD00273902 /* Day18.swift */; };
		BE86ED3A2956781E00ACA2BF /* Day9.swift in Sources */ = {isa = PBXBuildFile; fileRef = BE86ED30295677EE00ACA2BF /* Day9.swift */; };
		BE86ED3B2956783400ACA2BF /* Day8.swift in Sources */ = {isa = PBXBuildFile; fileRef = BE86ED1F295677EE00ACA2BF /* Day8.swift */; };
		BE86ED3C2956783C00ACA2BF /* Day7.swift in Sources */ = {isa = PBXBuildFile; fileRef = BE86ED2A295677EE00ACA2BF /* Day7.swift */; };
		BE86ED3D2956785400ACA2BF /* Day5.swift in Sources */ = {isa = PBXBuildFile; fileRef = BE86ED12295677EE00ACA2BF /* Day5.swift */; };
		BE86ED3E2956785F00ACA2BF /* Day4.swift in Sources */ = {isa = PBXBuildFile; fileRef = BE86ED17295677EE00ACA2BF /* Day4.swift */; };
		BE86ED3F2956786500ACA2BF /* Day3.swift in Sources */ = {isa = PBXBuildFile; fileRef = BE86ED1C295677EE00ACA2BF /* Day3.swift */; };
		BE86ED402956787000ACA2BF /* Day2.swift in Sources */ = {isa = PBXBuildFile; fileRef = BE86ED0E295677EE00ACA2BF /* Day2.swift */; };
		BE86ED412956787B00ACA2BF /* Day1.swift in Sources */ = {isa = PBXBuildFile; fileRef = BE86ED25295677EE00ACA2BF /* Day1.swift */; };
		BE86ED422956789700ACA2BF /* Day6.swift in Sources */ = {isa = PBXBuildFile; fileRef = BE86ED22295677EE00ACA2BF /* Day6.swift */; };
		BE86ED4729567AEF00ACA2BF /* 1-TwoSum.swift in Sources */ = {isa = PBXBuildFile; fileRef = BE86ED4629567AEF00ACA2BF /* 1-TwoSum.swift */; };
		BE86ED4B2957F40F00ACA2BF /* Day10.swift in Sources */ = {isa = PBXBuildFile; fileRef = BE86ED4A2957F40F00ACA2BF /* Day10.swift */; };
		BE86ED4E2958D65F00ACA2BF /* Day11.md in Resources */ = {isa = PBXBuildFile; fileRef = BE86ED4D2958D65F00ACA2BF /* Day11.md */; };
		BE86ED552958FBE900ACA2BF /* Day11.swift in Sources */ = {isa = PBXBuildFile; fileRef = BE86ED4F2958D6B800ACA2BF /* Day11.swift */; };
		BE86ED592958FFCA00ACA2BF /* 217-ContainsDuplicate.swift in Sources */ = {isa = PBXBuildFile; fileRef = BE86ED572958FFC600ACA2BF /* 217-ContainsDuplicate.swift */; };
		BE86ED5E295A1BC000ACA2BF /* Day12.swift in Sources */ = {isa = PBXBuildFile; fileRef = BE86ED5C295A1BBA00ACA2BF /* Day12.swift */; };
		BE86ED66295A316400ACA2BF /* 121-maxProfit.kt in Resources */ = {isa = PBXBuildFile; fileRef = BE86ED63295A316400ACA2BF /* 121-maxProfit.kt */; };
		BE86ED67295A316400ACA2BF /* 121-maxProfit.swift in Sources */ = {isa = PBXBuildFile; fileRef = BE86ED64295A316400ACA2BF /* 121-maxProfit.swift */; };
		BE86ED68295A316400ACA2BF /* 121-maxProfit.py in Resources */ = {isa = PBXBuildFile; fileRef = BE86ED65295A316400ACA2BF /* 121-maxProfit.py */; };
		BE86ED87295A640600ACA2BF /* Day13.swift in Sources */ = {isa = PBXBuildFile; fileRef = BE86ED86295A640600ACA2BF /* Day13.swift */; };
		BE86ED8B295B79BD00ACA2BF /* FindToppledBricks.md in Resources */ = {isa = PBXBuildFile; fileRef = BE86ED8A295B79BD00ACA2BF /* FindToppledBricks.md */; };
		BE86ED8D295B7B7400ACA2BF /* FindToppledBricks.swift in Sources */ = {isa = PBXBuildFile; fileRef = BE86ED8C295B7B7400ACA2BF /* FindToppledBricks.swift */; };
		BE86ED91295B91F600ACA2BF /* 242-ValidAnagram.swift in Sources */ = {isa = PBXBuildFile; fileRef = BE86ED90295B91F600ACA2BF /* 242-ValidAnagram.swift */; };
		BE86EDC0295CB57100ACA2BF /* Day14.md in Resources */ = {isa = PBXBuildFile; fileRef = BE86EDBF295CB57100ACA2BF /* Day14.md */; };
		BE86EDC2295CB5C700ACA2BF /* Day14.swift in Sources */ = {isa = PBXBuildFile; fileRef = BE86EDC1295CB5C700ACA2BF /* Day14.swift */; };
/* End PBXBuildFile section */

/* Begin PBXCopyFilesBuildPhase section */
		BE86ECC5294BF70300ACA2BF /* CopyFiles */ = {
			isa = PBXCopyFilesBuildPhase;
			buildActionMask = 2147483647;
			dstPath = /usr/share/man/man1/;
			dstSubfolderSpec = 0;
			files = (
			);
			runOnlyForDeploymentPostprocessing = 1;
		};
/* End PBXCopyFilesBuildPhase section */

/* Begin PBXFileReference section */
		BE41E09D295CD5CD00273902 /* 20-ValidParentheses.swift */ = {isa = PBXFileReference; lastKnownFileType = sourcecode.swift; path = "20-ValidParentheses.swift"; sourceTree = "<group>"; };
		BE41E0CA295E0E2400273902 /* Day15.md */ = {isa = PBXFileReference; lastKnownFileType = net.daringfireball.markdown; path = Day15.md; sourceTree = "<group>"; };
		BE41E0CB295E0E5400273902 /* Day15.swift */ = {isa = PBXFileReference; lastKnownFileType = sourcecode.swift; path = Day15.swift; sourceTree = "<group>"; };
		BE41E0CE295E1E4100273902 /* 53-MaximumSubarray.swift */ = {isa = PBXFileReference; lastKnownFileType = sourcecode.swift; path = "53-MaximumSubarray.swift"; sourceTree = "<group>"; };
		BE41E0F1295F54A300273902 /* Day16.md */ = {isa = PBXFileReference; lastKnownFileType = net.daringfireball.markdown; path = Day16.md; sourceTree = "<group>"; };
		BE41E0F2295F552000273902 /* Day16.swift */ = {isa = PBXFileReference; lastKnownFileType = sourcecode.swift; path = Day16.swift; sourceTree = "<group>"; };
		BE41E0F5295F6C1500273902 /* 238-ProductOfArrayExceptSelf.swift */ = {isa = PBXFileReference; lastKnownFileType = sourcecode.swift; path = "238-ProductOfArrayExceptSelf.swift"; sourceTree = "<group>"; };
		BE41E0F82960CD6C00273902 /* Day17.md */ = {isa = PBXFileReference; lastKnownFileType = net.daringfireball.markdown; path = Day17.md; sourceTree = "<group>"; };
		BE41E0F92960CE6300273902 /* Day17.swift */ = {isa = PBXFileReference; lastKnownFileType = sourcecode.swift; path = Day17.swift; sourceTree = "<group>"; };
		BE41E0FC296215BD00273902 /* Day18.swift */ = {isa = PBXFileReference; lastKnownFileType = sourcecode.swift; path = Day18.swift; sourceTree = "<group>"; };
		BE41E0FE296215D100273902 /* Day18.md */ = {isa = PBXFileReference; lastKnownFileType = net.daringfireball.markdown; path = Day18.md; sourceTree = "<group>"; };
		BE86ECC7294BF70300ACA2BF /* coding-challenges */ = {isa = PBXFileReference; explicitFileType = "compiled.mach-o.executable"; includeInIndex = 0; path = "coding-challenges"; sourceTree = BUILT_PRODUCTS_DIR; };
		BE86ECE729503EBF00ACA2BF /* Tests.xctest */ = {isa = PBXFileReference; explicitFileType = wrapper.cfbundle; includeInIndex = 0; path = Tests.xctest; sourceTree = BUILT_PRODUCTS_DIR; };
		BE86ED0E295677EE00ACA2BF /* Day2.swift */ = {isa = PBXFileReference; fileEncoding = 4; lastKnownFileType = sourcecode.swift; path = Day2.swift; sourceTree = "<group>"; };
		BE86ED0F295677EE00ACA2BF /* Day2.md */ = {isa = PBXFileReference; fileEncoding = 4; lastKnownFileType = net.daringfireball.markdown; path = Day2.md; sourceTree = "<group>"; };
		BE86ED12295677EE00ACA2BF /* Day5.swift */ = {isa = PBXFileReference; fileEncoding = 4; lastKnownFileType = sourcecode.swift; path = Day5.swift; sourceTree = "<group>"; };
		BE86ED13295677EE00ACA2BF /* Day5.md */ = {isa = PBXFileReference; fileEncoding = 4; lastKnownFileType = net.daringfireball.markdown; path = Day5.md; sourceTree = "<group>"; };
		BE86ED17295677EE00ACA2BF /* Day4.swift */ = {isa = PBXFileReference; fileEncoding = 4; lastKnownFileType = sourcecode.swift; path = Day4.swift; sourceTree = "<group>"; };
		BE86ED18295677EE00ACA2BF /* Day4.md */ = {isa = PBXFileReference; fileEncoding = 4; lastKnownFileType = net.daringfireball.markdown; path = Day4.md; sourceTree = "<group>"; };
		BE86ED1C295677EE00ACA2BF /* Day3.swift */ = {isa = PBXFileReference; fileEncoding = 4; lastKnownFileType = sourcecode.swift; path = Day3.swift; sourceTree = "<group>"; };
		BE86ED1D295677EE00ACA2BF /* Day3.md */ = {isa = PBXFileReference; fileEncoding = 4; lastKnownFileType = net.daringfireball.markdown; path = Day3.md; sourceTree = "<group>"; };
		BE86ED1F295677EE00ACA2BF /* Day8.swift */ = {isa = PBXFileReference; fileEncoding = 4; lastKnownFileType = sourcecode.swift; path = Day8.swift; sourceTree = "<group>"; };
		BE86ED20295677EE00ACA2BF /* Day8.md */ = {isa = PBXFileReference; fileEncoding = 4; lastKnownFileType = net.daringfireball.markdown; path = Day8.md; sourceTree = "<group>"; };
		BE86ED22295677EE00ACA2BF /* Day6.swift */ = {isa = PBXFileReference; fileEncoding = 4; lastKnownFileType = sourcecode.swift; path = Day6.swift; sourceTree = "<group>"; };
		BE86ED23295677EE00ACA2BF /* Day6.md */ = {isa = PBXFileReference; fileEncoding = 4; lastKnownFileType = net.daringfireball.markdown; path = Day6.md; sourceTree = "<group>"; };
		BE86ED25295677EE00ACA2BF /* Day1.swift */ = {isa = PBXFileReference; fileEncoding = 4; lastKnownFileType = sourcecode.swift; path = Day1.swift; sourceTree = "<group>"; };
		BE86ED26295677EE00ACA2BF /* Day1.md */ = {isa = PBXFileReference; fileEncoding = 4; lastKnownFileType = net.daringfireball.markdown; path = Day1.md; sourceTree = "<group>"; };
		BE86ED2A295677EE00ACA2BF /* Day7.swift */ = {isa = PBXFileReference; fileEncoding = 4; lastKnownFileType = sourcecode.swift; path = Day7.swift; sourceTree = "<group>"; };
		BE86ED2B295677EE00ACA2BF /* Day7.md */ = {isa = PBXFileReference; fileEncoding = 4; lastKnownFileType = net.daringfireball.markdown; path = Day7.md; sourceTree = "<group>"; };
		BE86ED2F295677EE00ACA2BF /* Day9.md */ = {isa = PBXFileReference; fileEncoding = 4; lastKnownFileType = net.daringfireball.markdown; path = Day9.md; sourceTree = "<group>"; };
		BE86ED30295677EE00ACA2BF /* Day9.swift */ = {isa = PBXFileReference; fileEncoding = 4; lastKnownFileType = sourcecode.swift; path = Day9.swift; sourceTree = "<group>"; };
		BE86ED4629567AEF00ACA2BF /* 1-TwoSum.swift */ = {isa = PBXFileReference; lastKnownFileType = sourcecode.swift; path = "1-TwoSum.swift"; sourceTree = "<group>"; };
		BE86ED492957F3D100ACA2BF /* Day10.md */ = {isa = PBXFileReference; lastKnownFileType = net.daringfireball.markdown; path = Day10.md; sourceTree = "<group>"; };
		BE86ED4A2957F40F00ACA2BF /* Day10.swift */ = {isa = PBXFileReference; lastKnownFileType = sourcecode.swift; path = Day10.swift; sourceTree = "<group>"; };
		BE86ED4D2958D65F00ACA2BF /* Day11.md */ = {isa = PBXFileReference; lastKnownFileType = net.daringfireball.markdown; path = Day11.md; sourceTree = "<group>"; };
		BE86ED4F2958D6B800ACA2BF /* Day11.swift */ = {isa = PBXFileReference; lastKnownFileType = sourcecode.swift; path = Day11.swift; sourceTree = "<group>"; };
		BE86ED572958FFC600ACA2BF /* 217-ContainsDuplicate.swift */ = {isa = PBXFileReference; lastKnownFileType = sourcecode.swift; path = "217-ContainsDuplicate.swift"; sourceTree = "<group>"; };
		BE86ED5B295A18F400ACA2BF /* Day12.md */ = {isa = PBXFileReference; lastKnownFileType = net.daringfireball.markdown; path = Day12.md; sourceTree = "<group>"; };
		BE86ED5C295A1BBA00ACA2BF /* Day12.swift */ = {isa = PBXFileReference; lastKnownFileType = sourcecode.swift; path = Day12.swift; sourceTree = "<group>"; };
		BE86ED63295A316400ACA2BF /* 121-maxProfit.kt */ = {isa = PBXFileReference; fileEncoding = 4; lastKnownFileType = text; path = "121-maxProfit.kt"; sourceTree = "<group>"; };
		BE86ED64295A316400ACA2BF /* 121-maxProfit.swift */ = {isa = PBXFileReference; fileEncoding = 4; lastKnownFileType = sourcecode.swift; path = "121-maxProfit.swift"; sourceTree = "<group>"; };
		BE86ED65295A316400ACA2BF /* 121-maxProfit.py */ = {isa = PBXFileReference; fileEncoding = 4; lastKnownFileType = text.script.python; path = "121-maxProfit.py"; sourceTree = "<group>"; };
		BE86ED86295A640600ACA2BF /* Day13.swift */ = {isa = PBXFileReference; lastKnownFileType = sourcecode.swift; path = Day13.swift; sourceTree = "<group>"; };
		BE86ED88295A641B00ACA2BF /* Day13.md */ = {isa = PBXFileReference; lastKnownFileType = net.daringfireball.markdown; path = Day13.md; sourceTree = "<group>"; };
		BE86ED8A295B79BD00ACA2BF /* FindToppledBricks.md */ = {isa = PBXFileReference; lastKnownFileType = net.daringfireball.markdown; path = FindToppledBricks.md; sourceTree = "<group>"; };
		BE86ED8C295B7B7400ACA2BF /* FindToppledBricks.swift */ = {isa = PBXFileReference; lastKnownFileType = sourcecode.swift; path = FindToppledBricks.swift; sourceTree = "<group>"; };
		BE86ED90295B91F600ACA2BF /* 242-ValidAnagram.swift */ = {isa = PBXFileReference; lastKnownFileType = sourcecode.swift; path = "242-ValidAnagram.swift"; sourceTree = "<group>"; };
		BE86EDBF295CB57100ACA2BF /* Day14.md */ = {isa = PBXFileReference; lastKnownFileType = net.daringfireball.markdown; path = Day14.md; sourceTree = "<group>"; };
		BE86EDC1295CB5C700ACA2BF /* Day14.swift */ = {isa = PBXFileReference; lastKnownFileType = sourcecode.swift; path = Day14.swift; sourceTree = "<group>"; };
/* End PBXFileReference section */

/* Begin PBXFrameworksBuildPhase section */
		BE86ECC4294BF70300ACA2BF /* Frameworks */ = {
			isa = PBXFrameworksBuildPhase;
			buildActionMask = 2147483647;
			files = (
			);
			runOnlyForDeploymentPostprocessing = 0;
		};
		BE86ECE429503EBF00ACA2BF /* Frameworks */ = {
			isa = PBXFrameworksBuildPhase;
			buildActionMask = 2147483647;
			files = (
			);
			runOnlyForDeploymentPostprocessing = 0;
		};
/* End PBXFrameworksBuildPhase section */

/* Begin PBXGroup section */
		BE41E09C295CD5AA00273902 /* 20. Valid Parentheses */ = {
			isa = PBXGroup;
			children = (
				BE41E09D295CD5CD00273902 /* 20-ValidParentheses.swift */,
			);
			path = "20. Valid Parentheses";
			sourceTree = "<group>";
		};
		BE41E0C9295E0DB100273902 /* Day 15 */ = {
			isa = PBXGroup;
			children = (
				BE41E0CA295E0E2400273902 /* Day15.md */,
				BE41E0CB295E0E5400273902 /* Day15.swift */,
			);
			path = "Day 15";
			sourceTree = "<group>";
		};
		BE41E0CD295E1E2100273902 /* 53. Maximum Subarray */ = {
			isa = PBXGroup;
			children = (
				BE41E0CE295E1E4100273902 /* 53-MaximumSubarray.swift */,
			);
			path = "53. Maximum Subarray";
			sourceTree = "<group>";
		};
		BE41E0F0295F548100273902 /* Day 16 */ = {
			isa = PBXGroup;
			children = (
				BE41E0F2295F552000273902 /* Day16.swift */,
				BE41E0F1295F54A300273902 /* Day16.md */,
			);
			path = "Day 16";
			sourceTree = "<group>";
		};
		BE41E0F4295F6BEB00273902 /* 238. Product of Array Except Self */ = {
			isa = PBXGroup;
			children = (
				BE41E0F5295F6C1500273902 /* 238-ProductOfArrayExceptSelf.swift */,
			);
			path = "238. Product of Array Except Self";
			sourceTree = "<group>";
		};
		BE41E0F72960CD5800273902 /* Day 17 */ = {
			isa = PBXGroup;
			children = (
				BE41E0F82960CD6C00273902 /* Day17.md */,
				BE41E0F92960CE6300273902 /* Day17.swift */,
			);
			path = "Day 17";
			sourceTree = "<group>";
		};
		BE41E0FB296215AF00273902 /* Day 18 */ = {
			isa = PBXGroup;
			children = (
				BE41E0FC296215BD00273902 /* Day18.swift */,
				BE41E0FE296215D100273902 /* Day18.md */,
			);
			path = "Day 18";
			sourceTree = "<group>";
		};
		BE86ECBE294BF70300ACA2BF = {
			isa = PBXGroup;
			children = (
				BE86ECC9294BF70300ACA2BF /* sources */,
				BE86ECC8294BF70300ACA2BF /* Products */,
			);
			sourceTree = "<group>";
		};
		BE86ECC8294BF70300ACA2BF /* Products */ = {
			isa = PBXGroup;
			children = (
				BE86ECC7294BF70300ACA2BF /* coding-challenges */,
				BE86ECE729503EBF00ACA2BF /* Tests.xctest */,
			);
			name = Products;
			sourceTree = "<group>";
		};
		BE86ECC9294BF70300ACA2BF /* sources */ = {
			isa = PBXGroup;
			children = (
				BE86ED89295B790D00ACA2BF /* GIQ */,
				BE86ED4329567A5E00ACA2BF /* leetcode */,
				BE86ED0B295677EE00ACA2BF /* daily-coding-problem */,
			);
			path = sources;
			sourceTree = "<group>";
		};
		BE86ED0B295677EE00ACA2BF /* daily-coding-problem */ = {
			isa = PBXGroup;
			children = (
				BE41E0FB296215AF00273902 /* Day 18 */,
				BE41E0F72960CD5800273902 /* Day 17 */,
				BE41E0F0295F548100273902 /* Day 16 */,
				BE41E0C9295E0DB100273902 /* Day 15 */,
				BE86EDBE295CB56100ACA2BF /* Day 14 */,
				BE86ED85295A63F000ACA2BF /* Day 13 */,
				BE86ED5A295A18D700ACA2BF /* Day 12 */,
				BE86ED4C2958D64A00ACA2BF /* Day 11 */,
				BE86ED482957F3B900ACA2BF /* Day 10 */,
				BE86ED2C295677EE00ACA2BF /* Day 9 */,
				BE86ED1E295677EE00ACA2BF /* Day 8 */,
				BE86ED29295677EE00ACA2BF /* Day 7 */,
				BE86ED21295677EE00ACA2BF /* Day 6 */,
				BE86ED11295677EE00ACA2BF /* Day 5 */,
				BE86ED16295677EE00ACA2BF /* Day 4 */,
				BE86ED1B295677EE00ACA2BF /* Day 3 */,
				BE86ED0C295677EE00ACA2BF /* Day 2 */,
				BE86ED24295677EE00ACA2BF /* Day 1 */,
			);
			path = "daily-coding-problem";
			sourceTree = "<group>";
		};
		BE86ED0C295677EE00ACA2BF /* Day 2 */ = {
			isa = PBXGroup;
			children = (
				BE86ED0E295677EE00ACA2BF /* Day2.swift */,
				BE86ED0F295677EE00ACA2BF /* Day2.md */,
			);
			path = "Day 2";
			sourceTree = "<group>";
		};
		BE86ED11295677EE00ACA2BF /* Day 5 */ = {
			isa = PBXGroup;
			children = (
				BE86ED12295677EE00ACA2BF /* Day5.swift */,
				BE86ED13295677EE00ACA2BF /* Day5.md */,
			);
			path = "Day 5";
			sourceTree = "<group>";
		};
		BE86ED16295677EE00ACA2BF /* Day 4 */ = {
			isa = PBXGroup;
			children = (
				BE86ED17295677EE00ACA2BF /* Day4.swift */,
				BE86ED18295677EE00ACA2BF /* Day4.md */,
			);
			path = "Day 4";
			sourceTree = "<group>";
		};
		BE86ED1B295677EE00ACA2BF /* Day 3 */ = {
			isa = PBXGroup;
			children = (
				BE86ED1C295677EE00ACA2BF /* Day3.swift */,
				BE86ED1D295677EE00ACA2BF /* Day3.md */,
			);
			path = "Day 3";
			sourceTree = "<group>";
		};
		BE86ED1E295677EE00ACA2BF /* Day 8 */ = {
			isa = PBXGroup;
			children = (
				BE86ED1F295677EE00ACA2BF /* Day8.swift */,
				BE86ED20295677EE00ACA2BF /* Day8.md */,
			);
			path = "Day 8";
			sourceTree = "<group>";
		};
		BE86ED21295677EE00ACA2BF /* Day 6 */ = {
			isa = PBXGroup;
			children = (
				BE86ED22295677EE00ACA2BF /* Day6.swift */,
				BE86ED23295677EE00ACA2BF /* Day6.md */,
			);
			path = "Day 6";
			sourceTree = "<group>";
		};
		BE86ED24295677EE00ACA2BF /* Day 1 */ = {
			isa = PBXGroup;
			children = (
				BE86ED25295677EE00ACA2BF /* Day1.swift */,
				BE86ED26295677EE00ACA2BF /* Day1.md */,
			);
			path = "Day 1";
			sourceTree = "<group>";
		};
		BE86ED29295677EE00ACA2BF /* Day 7 */ = {
			isa = PBXGroup;
			children = (
				BE86ED2A295677EE00ACA2BF /* Day7.swift */,
				BE86ED2B295677EE00ACA2BF /* Day7.md */,
			);
			path = "Day 7";
			sourceTree = "<group>";
		};
		BE86ED2C295677EE00ACA2BF /* Day 9 */ = {
			isa = PBXGroup;
			children = (
				BE86ED30295677EE00ACA2BF /* Day9.swift */,
				BE86ED2F295677EE00ACA2BF /* Day9.md */,
			);
			path = "Day 9";
			sourceTree = "<group>";
		};
		BE86ED4329567A5E00ACA2BF /* leetcode */ = {
			isa = PBXGroup;
			children = (
				BE41E0F4295F6BEB00273902 /* 238. Product of Array Except Self */,
				BE41E0CD295E1E2100273902 /* 53. Maximum Subarray */,
				BE41E09C295CD5AA00273902 /* 20. Valid Parentheses */,
				BE86ED8F295B91D800ACA2BF /* 242. Valid Anagram */,
				BE86ED62295A316400ACA2BF /* 121. Best Time to Buy and Sell Stock */,
				BE86ED562958FFA600ACA2BF /* 217. Contains Duplicate */,
				BE86ED4429567A8300ACA2BF /* 1. Two Sum */,
			);
			path = leetcode;
			sourceTree = "<group>";
		};
		BE86ED4429567A8300ACA2BF /* 1. Two Sum */ = {
			isa = PBXGroup;
			children = (
				BE86ED4629567AEF00ACA2BF /* 1-TwoSum.swift */,
			);
			path = "1. Two Sum";
			sourceTree = "<group>";
		};
		BE86ED482957F3B900ACA2BF /* Day 10 */ = {
			isa = PBXGroup;
			children = (
				BE86ED4A2957F40F00ACA2BF /* Day10.swift */,
				BE86ED492957F3D100ACA2BF /* Day10.md */,
			);
			path = "Day 10";
			sourceTree = "<group>";
		};
		BE86ED4C2958D64A00ACA2BF /* Day 11 */ = {
			isa = PBXGroup;
			children = (
				BE86ED4F2958D6B800ACA2BF /* Day11.swift */,
				BE86ED4D2958D65F00ACA2BF /* Day11.md */,
			);
			path = "Day 11";
			sourceTree = "<group>";
		};
		BE86ED562958FFA600ACA2BF /* 217. Contains Duplicate */ = {
			isa = PBXGroup;
			children = (
				BE86ED572958FFC600ACA2BF /* 217-ContainsDuplicate.swift */,
			);
			path = "217. Contains Duplicate";
			sourceTree = "<group>";
		};
		BE86ED5A295A18D700ACA2BF /* Day 12 */ = {
			isa = PBXGroup;
			children = (
				BE86ED5C295A1BBA00ACA2BF /* Day12.swift */,
				BE86ED5B295A18F400ACA2BF /* Day12.md */,
			);
			path = "Day 12";
			sourceTree = "<group>";
		};
		BE86ED62295A316400ACA2BF /* 121. Best Time to Buy and Sell Stock */ = {
			isa = PBXGroup;
			children = (
				BE86ED63295A316400ACA2BF /* 121-maxProfit.kt */,
				BE86ED64295A316400ACA2BF /* 121-maxProfit.swift */,
				BE86ED65295A316400ACA2BF /* 121-maxProfit.py */,
			);
			path = "121. Best Time to Buy and Sell Stock";
			sourceTree = "<group>";
		};
		BE86ED85295A63F000ACA2BF /* Day 13 */ = {
			isa = PBXGroup;
			children = (
				BE86ED86295A640600ACA2BF /* Day13.swift */,
				BE86ED88295A641B00ACA2BF /* Day13.md */,
			);
			path = "Day 13";
			sourceTree = "<group>";
		};
		BE86ED89295B790D00ACA2BF /* GIQ */ = {
			isa = PBXGroup;
			children = (
				BE86ED8E295B7B7900ACA2BF /* Find Toppled Bricks */,
			);
			path = GIQ;
			sourceTree = "<group>";
		};
		BE86ED8E295B7B7900ACA2BF /* Find Toppled Bricks */ = {
			isa = PBXGroup;
			children = (
				BE86ED8C295B7B7400ACA2BF /* FindToppledBricks.swift */,
				BE86ED8A295B79BD00ACA2BF /* FindToppledBricks.md */,
			);
			path = "Find Toppled Bricks";
			sourceTree = "<group>";
		};
		BE86ED8F295B91D800ACA2BF /* 242. Valid Anagram */ = {
			isa = PBXGroup;
			children = (
				BE86ED90295B91F600ACA2BF /* 242-ValidAnagram.swift */,
			);
			path = "242. Valid Anagram";
			sourceTree = "<group>";
		};
		BE86EDBE295CB56100ACA2BF /* Day 14 */ = {
			isa = PBXGroup;
			children = (
				BE86EDC1295CB5C700ACA2BF /* Day14.swift */,
				BE86EDBF295CB57100ACA2BF /* Day14.md */,
			);
			path = "Day 14";
			sourceTree = "<group>";
		};
/* End PBXGroup section */

/* Begin PBXNativeTarget section */
		BE86ECC6294BF70300ACA2BF /* coding-challenges */ = {
			isa = PBXNativeTarget;
			buildConfigurationList = BE86ECCE294BF70300ACA2BF /* Build configuration list for PBXNativeTarget "coding-challenges" */;
			buildPhases = (
				BE86ECC3294BF70300ACA2BF /* Sources */,
				BE86ECC4294BF70300ACA2BF /* Frameworks */,
				BE86ECC5294BF70300ACA2BF /* CopyFiles */,
			);
			buildRules = (
			);
			dependencies = (
			);
			name = "coding-challenges";
			packageProductDependencies = (
			);
			productName = DCP;
			productReference = BE86ECC7294BF70300ACA2BF /* coding-challenges */;
			productType = "com.apple.product-type.tool";
		};
		BE86ECE629503EBF00ACA2BF /* Tests */ = {
			isa = PBXNativeTarget;
			buildConfigurationList = BE86ECED29503EBF00ACA2BF /* Build configuration list for PBXNativeTarget "Tests" */;
			buildPhases = (
				BE86ECE329503EBF00ACA2BF /* Sources */,
				BE86ECE429503EBF00ACA2BF /* Frameworks */,
				BE86ECE529503EBF00ACA2BF /* Resources */,
			);
			buildRules = (
			);
			dependencies = (
			);
			name = Tests;
			productName = Tests;
			productReference = BE86ECE729503EBF00ACA2BF /* Tests.xctest */;
			productType = "com.apple.product-type.bundle.unit-test";
		};
/* End PBXNativeTarget section */

/* Begin PBXProject section */
		BE86ECBF294BF70300ACA2BF /* Project object */ = {
			isa = PBXProject;
			attributes = {
				BuildIndependentTargetsInParallel = 1;
				LastSwiftUpdateCheck = 1420;
				LastUpgradeCheck = 1420;
				TargetAttributes = {
					BE86ECC6294BF70300ACA2BF = {
						CreatedOnToolsVersion = 14.2;
						LastSwiftMigration = 1420;
					};
					BE86ECE629503EBF00ACA2BF = {
						CreatedOnToolsVersion = 14.2;
					};
				};
			};
			buildConfigurationList = BE86ECC2294BF70300ACA2BF /* Build configuration list for PBXProject "coding-challenges" */;
			compatibilityVersion = "Xcode 14.0";
			developmentRegion = en;
			hasScannedForEncodings = 0;
			knownRegions = (
				en,
				Base,
			);
			mainGroup = BE86ECBE294BF70300ACA2BF;
			packageReferences = (
			);
			productRefGroup = BE86ECC8294BF70300ACA2BF /* Products */;
			projectDirPath = "";
			projectRoot = "";
			targets = (
				BE86ECC6294BF70300ACA2BF /* coding-challenges */,
				BE86ECE629503EBF00ACA2BF /* Tests */,
			);
		};
/* End PBXProject section */

/* Begin PBXResourcesBuildPhase section */
		BE86ECE529503EBF00ACA2BF /* Resources */ = {
			isa = PBXResourcesBuildPhase;
			buildActionMask = 2147483647;
			files = (
				BE86EDC0295CB57100ACA2BF /* Day14.md in Resources */,
				BE86ED66295A316400ACA2BF /* 121-maxProfit.kt in Resources */,
				BE86ED4E2958D65F00ACA2BF /* Day11.md in Resources */,
				BE86ED8B295B79BD00ACA2BF /* FindToppledBricks.md in Resources */,
				BE86ED68295A316400ACA2BF /* 121-maxProfit.py in Resources */,
			);
			runOnlyForDeploymentPostprocessing = 0;
		};
/* End PBXResourcesBuildPhase section */

/* Begin PBXSourcesBuildPhase section */
		BE86ECC3294BF70300ACA2BF /* Sources */ = {
			isa = PBXSourcesBuildPhase;
			buildActionMask = 2147483647;
			files = (
			);
			runOnlyForDeploymentPostprocessing = 0;
		};
		BE86ECE329503EBF00ACA2BF /* Sources */ = {
			isa = PBXSourcesBuildPhase;
			buildActionMask = 2147483647;
			files = (
				BE86ED4729567AEF00ACA2BF /* 1-TwoSum.swift in Sources */,
				BE41E09F295CD7A400273902 /* 20-ValidParentheses.swift in Sources */,
				BE86ED3D2956785400ACA2BF /* Day5.swift in Sources */,
				BE41E0F6295F6C1500273902 /* 238-ProductOfArrayExceptSelf.swift in Sources */,
				BE86ED552958FBE900ACA2BF /* Day11.swift in Sources */,
				BE86ED3E2956785F00ACA2BF /* Day4.swift in Sources */,
				BE41E0CC295E0E5400273902 /* Day15.swift in Sources */,
				BE86ED3A2956781E00ACA2BF /* Day9.swift in Sources */,
				BE86ED402956787000ACA2BF /* Day2.swift in Sources */,
				BE86ED412956787B00ACA2BF /* Day1.swift in Sources */,
				BE41E0CF295E1E4100273902 /* 53-MaximumSubarray.swift in Sources */,
				BE86ED3C2956783C00ACA2BF /* Day7.swift in Sources */,
				BE86ED87295A640600ACA2BF /* Day13.swift in Sources */,
				BE86ED67295A316400ACA2BF /* 121-maxProfit.swift in Sources */,
				BE86EDC2295CB5C700ACA2BF /* Day14.swift in Sources */,
				BE41E0FD296215BD00273902 /* Day18.swift in Sources */,
				BE86ED4B2957F40F00ACA2BF /* Day10.swift in Sources */,
				BE86ED91295B91F600ACA2BF /* 242-ValidAnagram.swift in Sources */,
				BE86ED3F2956786500ACA2BF /* Day3.swift in Sources */,
				BE41E0F3295F552000273902 /* Day16.swift in Sources */,
				BE86ED8D295B7B7400ACA2BF /* FindToppledBricks.swift in Sources */,
				BE86ED422956789700ACA2BF /* Day6.swift in Sources */,
				BE41E0FA2960CE6300273902 /* Day17.swift in Sources */,
				BE86ED5E295A1BC000ACA2BF /* Day12.swift in Sources */,
				BE86ED3B2956783400ACA2BF /* Day8.swift in Sources */,
				BE86ED592958FFCA00ACA2BF /* 217-ContainsDuplicate.swift in Sources */,
			);
			runOnlyForDeploymentPostprocessing = 0;
		};
/* End PBXSourcesBuildPhase section */

/* Begin XCBuildConfiguration section */
		BE86ECCC294BF70300ACA2BF /* Debug */ = {
			isa = XCBuildConfiguration;
			buildSettings = {
				ALWAYS_SEARCH_USER_PATHS = NO;
				CLANG_ANALYZER_NONNULL = YES;
				CLANG_ANALYZER_NUMBER_OBJECT_CONVERSION = YES_AGGRESSIVE;
				CLANG_CXX_LANGUAGE_STANDARD = "gnu++20";
				CLANG_ENABLE_MODULES = YES;
				CLANG_ENABLE_OBJC_ARC = YES;
				CLANG_ENABLE_OBJC_WEAK = YES;
				CLANG_WARN_BLOCK_CAPTURE_AUTORELEASING = YES;
				CLANG_WARN_BOOL_CONVERSION = YES;
				CLANG_WARN_COMMA = YES;
				CLANG_WARN_CONSTANT_CONVERSION = YES;
				CLANG_WARN_DEPRECATED_OBJC_IMPLEMENTATIONS = YES;
				CLANG_WARN_DIRECT_OBJC_ISA_USAGE = YES_ERROR;
				CLANG_WARN_DOCUMENTATION_COMMENTS = YES;
				CLANG_WARN_EMPTY_BODY = YES;
				CLANG_WARN_ENUM_CONVERSION = YES;
				CLANG_WARN_INFINITE_RECURSION = YES;
				CLANG_WARN_INT_CONVERSION = YES;
				CLANG_WARN_NON_LITERAL_NULL_CONVERSION = YES;
				CLANG_WARN_OBJC_IMPLICIT_RETAIN_SELF = YES;
				CLANG_WARN_OBJC_LITERAL_CONVERSION = YES;
				CLANG_WARN_OBJC_ROOT_CLASS = YES_ERROR;
				CLANG_WARN_QUOTED_INCLUDE_IN_FRAMEWORK_HEADER = YES;
				CLANG_WARN_RANGE_LOOP_ANALYSIS = YES;
				CLANG_WARN_STRICT_PROTOTYPES = YES;
				CLANG_WARN_SUSPICIOUS_MOVE = YES;
				CLANG_WARN_UNGUARDED_AVAILABILITY = YES_AGGRESSIVE;
				CLANG_WARN_UNREACHABLE_CODE = YES;
				CLANG_WARN__DUPLICATE_METHOD_MATCH = YES;
				COPY_PHASE_STRIP = NO;
				DEBUG_INFORMATION_FORMAT = dwarf;
				ENABLE_STRICT_OBJC_MSGSEND = YES;
				ENABLE_TESTABILITY = YES;
				GCC_C_LANGUAGE_STANDARD = gnu11;
				GCC_DYNAMIC_NO_PIC = NO;
				GCC_NO_COMMON_BLOCKS = YES;
				GCC_OPTIMIZATION_LEVEL = 0;
				GCC_PREPROCESSOR_DEFINITIONS = (
					"DEBUG=1",
					"$(inherited)",
				);
				GCC_WARN_64_TO_32_BIT_CONVERSION = YES;
				GCC_WARN_ABOUT_RETURN_TYPE = YES_ERROR;
				GCC_WARN_UNDECLARED_SELECTOR = YES;
				GCC_WARN_UNINITIALIZED_AUTOS = YES_AGGRESSIVE;
				GCC_WARN_UNUSED_FUNCTION = YES;
				GCC_WARN_UNUSED_VARIABLE = YES;
				MACOSX_DEPLOYMENT_TARGET = 13.1;
				MTL_ENABLE_DEBUG_INFO = INCLUDE_SOURCE;
				MTL_FAST_MATH = YES;
				ONLY_ACTIVE_ARCH = YES;
				SDKROOT = macosx;
				SWIFT_ACTIVE_COMPILATION_CONDITIONS = DEBUG;
				SWIFT_OPTIMIZATION_LEVEL = "-Onone";
			};
			name = Debug;
		};
		BE86ECCD294BF70300ACA2BF /* Release */ = {
			isa = XCBuildConfiguration;
			buildSettings = {
				ALWAYS_SEARCH_USER_PATHS = NO;
				CLANG_ANALYZER_NONNULL = YES;
				CLANG_ANALYZER_NUMBER_OBJECT_CONVERSION = YES_AGGRESSIVE;
				CLANG_CXX_LANGUAGE_STANDARD = "gnu++20";
				CLANG_ENABLE_MODULES = YES;
				CLANG_ENABLE_OBJC_ARC = YES;
				CLANG_ENABLE_OBJC_WEAK = YES;
				CLANG_WARN_BLOCK_CAPTURE_AUTORELEASING = YES;
				CLANG_WARN_BOOL_CONVERSION = YES;
				CLANG_WARN_COMMA = YES;
				CLANG_WARN_CONSTANT_CONVERSION = YES;
				CLANG_WARN_DEPRECATED_OBJC_IMPLEMENTATIONS = YES;
				CLANG_WARN_DIRECT_OBJC_ISA_USAGE = YES_ERROR;
				CLANG_WARN_DOCUMENTATION_COMMENTS = YES;
				CLANG_WARN_EMPTY_BODY = YES;
				CLANG_WARN_ENUM_CONVERSION = YES;
				CLANG_WARN_INFINITE_RECURSION = YES;
				CLANG_WARN_INT_CONVERSION = YES;
				CLANG_WARN_NON_LITERAL_NULL_CONVERSION = YES;
				CLANG_WARN_OBJC_IMPLICIT_RETAIN_SELF = YES;
				CLANG_WARN_OBJC_LITERAL_CONVERSION = YES;
				CLANG_WARN_OBJC_ROOT_CLASS = YES_ERROR;
				CLANG_WARN_QUOTED_INCLUDE_IN_FRAMEWORK_HEADER = YES;
				CLANG_WARN_RANGE_LOOP_ANALYSIS = YES;
				CLANG_WARN_STRICT_PROTOTYPES = YES;
				CLANG_WARN_SUSPICIOUS_MOVE = YES;
				CLANG_WARN_UNGUARDED_AVAILABILITY = YES_AGGRESSIVE;
				CLANG_WARN_UNREACHABLE_CODE = YES;
				CLANG_WARN__DUPLICATE_METHOD_MATCH = YES;
				COPY_PHASE_STRIP = NO;
				DEBUG_INFORMATION_FORMAT = "dwarf-with-dsym";
				ENABLE_NS_ASSERTIONS = NO;
				ENABLE_STRICT_OBJC_MSGSEND = YES;
				GCC_C_LANGUAGE_STANDARD = gnu11;
				GCC_NO_COMMON_BLOCKS = YES;
				GCC_WARN_64_TO_32_BIT_CONVERSION = YES;
				GCC_WARN_ABOUT_RETURN_TYPE = YES_ERROR;
				GCC_WARN_UNDECLARED_SELECTOR = YES;
				GCC_WARN_UNINITIALIZED_AUTOS = YES_AGGRESSIVE;
				GCC_WARN_UNUSED_FUNCTION = YES;
				GCC_WARN_UNUSED_VARIABLE = YES;
				MACOSX_DEPLOYMENT_TARGET = 13.1;
				MTL_ENABLE_DEBUG_INFO = NO;
				MTL_FAST_MATH = YES;
				SDKROOT = macosx;
				SWIFT_COMPILATION_MODE = wholemodule;
				SWIFT_OPTIMIZATION_LEVEL = "-O";
			};
			name = Release;
		};
		BE86ECCF294BF70300ACA2BF /* Debug */ = {
			isa = XCBuildConfiguration;
			buildSettings = {
				CLANG_ENABLE_MODULES = YES;
				CODE_SIGN_STYLE = Automatic;
				LD_RUNPATH_SEARCH_PATHS = (
					"$(inherited)",
					"@executable_path/../Frameworks",
					"@loader_path/../Frameworks",
				);
				PRODUCT_NAME = "$(TARGET_NAME)";
				SWIFT_OPTIMIZATION_LEVEL = "-Onone";
				SWIFT_VERSION = 5.0;
			};
			name = Debug;
		};
		BE86ECD0294BF70300ACA2BF /* Release */ = {
			isa = XCBuildConfiguration;
			buildSettings = {
				CLANG_ENABLE_MODULES = YES;
				CODE_SIGN_STYLE = Automatic;
				LD_RUNPATH_SEARCH_PATHS = (
					"$(inherited)",
					"@executable_path/../Frameworks",
					"@loader_path/../Frameworks",
				);
				PRODUCT_NAME = "$(TARGET_NAME)";
				SWIFT_VERSION = 5.0;
			};
			name = Release;
		};
		BE86ECEB29503EBF00ACA2BF /* Debug */ = {
			isa = XCBuildConfiguration;
			buildSettings = {
				CODE_SIGN_STYLE = Automatic;
				CURRENT_PROJECT_VERSION = 1;
				GENERATE_INFOPLIST_FILE = YES;
				MARKETING_VERSION = 1.0;
				PRODUCT_BUNDLE_IDENTIFIER = "-----.Tests";
				PRODUCT_NAME = "$(TARGET_NAME)";
				SWIFT_EMIT_LOC_STRINGS = NO;
				SWIFT_VERSION = 5.0;
			};
			name = Debug;
		};
		BE86ECEC29503EBF00ACA2BF /* Release */ = {
			isa = XCBuildConfiguration;
			buildSettings = {
				CODE_SIGN_STYLE = Automatic;
				CURRENT_PROJECT_VERSION = 1;
				GENERATE_INFOPLIST_FILE = YES;
				MARKETING_VERSION = 1.0;
				PRODUCT_BUNDLE_IDENTIFIER = "-----.Tests";
				PRODUCT_NAME = "$(TARGET_NAME)";
				SWIFT_EMIT_LOC_STRINGS = NO;
				SWIFT_VERSION = 5.0;
			};
			name = Release;
		};
/* End XCBuildConfiguration section */

/* Begin XCConfigurationList section */
		BE86ECC2294BF70300ACA2BF /* Build configuration list for PBXProject "coding-challenges" */ = {
			isa = XCConfigurationList;
			buildConfigurations = (
				BE86ECCC294BF70300ACA2BF /* Debug */,
				BE86ECCD294BF70300ACA2BF /* Release */,
			);
			defaultConfigurationIsVisible = 0;
			defaultConfigurationName = Release;
		};
		BE86ECCE294BF70300ACA2BF /* Build configuration list for PBXNativeTarget "coding-challenges" */ = {
			isa = XCConfigurationList;
			buildConfigurations = (
				BE86ECCF294BF70300ACA2BF /* Debug */,
				BE86ECD0294BF70300ACA2BF /* Release */,
			);
			defaultConfigurationIsVisible = 0;
			defaultConfigurationName = Release;
		};
		BE86ECED29503EBF00ACA2BF /* Build configuration list for PBXNativeTarget "Tests" */ = {
			isa = XCConfigurationList;
			buildConfigurations = (
				BE86ECEB29503EBF00ACA2BF /* Debug */,
				BE86ECEC29503EBF00ACA2BF /* Release */,
			);
			defaultConfigurationIsVisible = 0;
			defaultConfigurationName = Release;
		};
/* End XCConfigurationList section */
	};
	rootObject = BE86ECBF294BF70300ACA2BF /* Project object */;
}
