// !$*UTF8*$!
{
	archiveVersion = 1;
	classes = {
	};
	objectVersion = 56;
	objects = {

/* Begin PBXBuildFile section */
		BE41E09F295CD7A400273902 /* 20-ValidParentheses.swift in Sources */ = {isa = PBXBuildFile; fileRef = BE41E09D295CD5CD00273902 /* 20-ValidParentheses.swift */; };
		BE41E0CC295E0E5400273902 /* Day15.swift in Sources */ = {isa = PBXBuildFile; fileRef = BE41E0CB295E0E5400273902 /* Day15.swift */; };
		BE41E0CF295E1E4100273902 /* 53-MaximumSubarray.swift in Sources */ = {isa = PBXBuildFile; fileRef = BE41E0CE295E1E4100273902 /* 53-MaximumSubarray.swift */; };
		BE41E0F3295F552000273902 /* Day16.swift in Sources */ = {isa = PBXBuildFile; fileRef = BE41E0F2295F552000273902 /* Day16.swift */; };
		BE41E0F6295F6C1500273902 /* 238-ProductOfArrayExceptSelf.swift in Sources */ = {isa = PBXBuildFile; fileRef = BE41E0F5295F6C1500273902 /* 238-ProductOfArrayExceptSelf.swift */; };
		BE41E0FA2960CE6300273902 /* Day17.swift in Sources */ = {isa = PBXBuildFile; fileRef = BE41E0F92960CE6300273902 /* Day17.swift */; };
		BE41E0FD296215BD00273902 /* Day18.swift in Sources */ = {isa = PBXBuildFile; fileRef = BE41E0FC296215BD00273902 /* Day18.swift */; };
		BE41E10129622D2D00273902 /* 15-3Sum.swift in Sources */ = {isa = PBXBuildFile; fileRef = BE41E10029622D2D00273902 /* 15-3Sum.swift */; };
		BE41E10429635C8C00273902 /* Day19.swift in Sources */ = {isa = PBXBuildFile; fileRef = BE41E10329635C8C00273902 /* Day19.swift */; };
		BE41E1082963814400273902 /* 219-ContainsDuplicateII.swift in Sources */ = {isa = PBXBuildFile; fileRef = BE41E1072963814400273902 /* 219-ContainsDuplicateII.swift */; };
		BE41E1292964B06900273902 /* 144-BinaryTreePreorderTraversal.swift in Sources */ = {isa = PBXBuildFile; fileRef = BE41E1282964B06900273902 /* 144-BinaryTreePreorderTraversal.swift */; };
		BE41E12D2964B93400273902 /* Day20.swift in Sources */ = {isa = PBXBuildFile; fileRef = BE41E12C2964B93400273902 /* Day20.swift */; };
		BE41E1312964F7F400273902 /* 94-BinaryTreeInorderTraversal.swift in Sources */ = {isa = PBXBuildFile; fileRef = BE41E1302964F7F400273902 /* 94-BinaryTreeInorderTraversal.swift */; };
		BE41E1352964F8A100273902 /* 145-BinaryTreePostorderTraversal.swift in Sources */ = {isa = PBXBuildFile; fileRef = BE41E1342964F8A100273902 /* 145-BinaryTreePostorderTraversal.swift */; };
		BE41E13C2965F0CD00273902 /* Day21.swift in Sources */ = {isa = PBXBuildFile; fileRef = BE41E13B2965F0CD00273902 /* Day21.swift */; };
		BE41E1402966127800273902 /* 1228-MissingNumberInArithmeticProgression.swift in Sources */ = {isa = PBXBuildFile; fileRef = BE41E13F2966127800273902 /* 1228-MissingNumberInArithmeticProgression.swift */; };
		BE41E1442966483D00273902 /* 366-FindLeavesOfBinaryTree.swift in Sources */ = {isa = PBXBuildFile; fileRef = BE41E1432966483D00273902 /* 366-FindLeavesOfBinaryTree.swift */; };
		BE41E14829677E8800273902 /* Day22.swift in Sources */ = {isa = PBXBuildFile; fileRef = BE41E14729677E8800273902 /* Day22.swift */; };
		BE41E14C2968A2D600273902 /* Day23.swift in Sources */ = {isa = PBXBuildFile; fileRef = BE41E14B2968A2D600273902 /* Day23.swift */; };
		BE41E1512968C65E00273902 /* UnderscorifySubstring.swift in Sources */ = {isa = PBXBuildFile; fileRef = BE41E1502968C65E00273902 /* UnderscorifySubstring.swift */; };
		BE41E155296A207200273902 /* Day24.swift in Sources */ = {isa = PBXBuildFile; fileRef = BE41E154296A207200273902 /* Day24.swift */; };
		BE41E159296A889A00273902 /* Day25.swift in Sources */ = {isa = PBXBuildFile; fileRef = BE41E158296A889A00273902 /* Day25.swift */; };
		BE41E15C296C872E00273902 /* Day26.swift in Sources */ = {isa = PBXBuildFile; fileRef = BE41E15B296C872E00273902 /* Day26.swift */; };
		BE41E161296CB45D00273902 /* 496-NextGreaterElementI.swift in Sources */ = {isa = PBXBuildFile; fileRef = BE41E160296CB45D00273902 /* 496-NextGreaterElementI.swift */; };
		BE41E165296DF43B00273902 /* Day27.swift in Sources */ = {isa = PBXBuildFile; fileRef = BE41E164296DF43B00273902 /* Day27.swift */; };
		BE41E16A296E090C00273902 /* 11-ContainerWithMostWater.swift in Sources */ = {isa = PBXBuildFile; fileRef = BE41E169296E090C00273902 /* 11-ContainerWithMostWater.swift */; };
		BE41E182296E178200273902 /* Day53.swift in Sources */ = {isa = PBXBuildFile; fileRef = BE41E181296E178200273902 /* Day53.swift */; };
		BE41E184296E6D2800273902 /* Day74.swift in Sources */ = {isa = PBXBuildFile; fileRef = BE41E183296E6D2800273902 /* Day74.swift */; };
		BE41E186296F330D00273902 /* Day93.swift in Sources */ = {isa = PBXBuildFile; fileRef = BE41E185296F330D00273902 /* Day93.swift */; };
		BE41E188296F4CA900273902 /* Day148.swift in Sources */ = {isa = PBXBuildFile; fileRef = BE41E187296F4CA900273902 /* Day148.swift */; };
		BE41E18A296F542900273902 /* Day196.swift in Sources */ = {isa = PBXBuildFile; fileRef = BE41E189296F542900273902 /* Day196.swift */; };
		BE41E18C296F610D00273902 /* Day210.swift in Sources */ = {isa = PBXBuildFile; fileRef = BE41E18B296F610D00273902 /* Day210.swift */; };
		BE41E18E296F6C3100273902 /* Day233.swift in Sources */ = {isa = PBXBuildFile; fileRef = BE41E18D296F6C3100273902 /* Day233.swift */; };
		BE41E190296F75B500273902 /* Day273.swift in Sources */ = {isa = PBXBuildFile; fileRef = BE41E18F296F75B500273902 /* Day273.swift */; };
		BE41E192296F828F00273902 /* Day318.swift in Sources */ = {isa = PBXBuildFile; fileRef = BE41E191296F79FA00273902 /* Day318.swift */; };
		BE41E194296F83AC00273902 /* Day337.swift in Sources */ = {isa = PBXBuildFile; fileRef = BE41E193296F83AC00273902 /* Day337.swift */; };
		BE41E19A2970B11D00273902 /* 67-AddBinary.swift in Sources */ = {isa = PBXBuildFile; fileRef = BE41E1992970B11D00273902 /* 67-AddBinary.swift */; };
		BE41E19C2972179900273902 /* 9-PalindromeNumber.swift in Sources */ = {isa = PBXBuildFile; fileRef = BE41E19B2972179900273902 /* 9-PalindromeNumber.swift */; };
		BE41E19F29722C5600273902 /* 297-SerializeAndDeserializeBinaryTree.swift in Sources */ = {isa = PBXBuildFile; fileRef = BE41E19E29722C5600273902 /* 297-SerializeAndDeserializeBinaryTree.swift */; };
		BE41E1A229722CA200273902 /* SerializeAndDeserializeLinkedList.swift in Sources */ = {isa = PBXBuildFile; fileRef = BE41E1A129722CA200273902 /* SerializeAndDeserializeLinkedList.swift */; };
		BE86ED3A2956781E00ACA2BF /* Day9.swift in Sources */ = {isa = PBXBuildFile; fileRef = BE86ED30295677EE00ACA2BF /* Day9.swift */; };
		BE86ED3B2956783400ACA2BF /* Day8.swift in Sources */ = {isa = PBXBuildFile; fileRef = BE86ED1F295677EE00ACA2BF /* Day8.swift */; };
		BE86ED3C2956783C00ACA2BF /* Day7.swift in Sources */ = {isa = PBXBuildFile; fileRef = BE86ED2A295677EE00ACA2BF /* Day7.swift */; };
		BE86ED3D2956785400ACA2BF /* Day5.swift in Sources */ = {isa = PBXBuildFile; fileRef = BE86ED12295677EE00ACA2BF /* Day5.swift */; };
		BE86ED3E2956785F00ACA2BF /* Day4.swift in Sources */ = {isa = PBXBuildFile; fileRef = BE86ED17295677EE00ACA2BF /* Day4.swift */; };
		BE86ED3F2956786500ACA2BF /* Day3.swift in Sources */ = {isa = PBXBuildFile; fileRef = BE86ED1C295677EE00ACA2BF /* Day3.swift */; };
		BE86ED402956787000ACA2BF /* Day2.swift in Sources */ = {isa = PBXBuildFile; fileRef = BE86ED0E295677EE00ACA2BF /* Day2.swift */; };
		BE86ED412956787B00ACA2BF /* Day1.swift in Sources */ = {isa = PBXBuildFile; fileRef = BE86ED25295677EE00ACA2BF /* Day1.swift */; };
		BE86ED422956789700ACA2BF /* Day6.swift in Sources */ = {isa = PBXBuildFile; fileRef = BE86ED22295677EE00ACA2BF /* Day6.swift */; };
		BE86ED4729567AEF00ACA2BF /* 1-TwoSum.swift in Sources */ = {isa = PBXBuildFile; fileRef = BE86ED4629567AEF00ACA2BF /* 1-TwoSum.swift */; };
		BE86ED4B2957F40F00ACA2BF /* Day10.swift in Sources */ = {isa = PBXBuildFile; fileRef = BE86ED4A2957F40F00ACA2BF /* Day10.swift */; };
		BE86ED552958FBE900ACA2BF /* Day11.swift in Sources */ = {isa = PBXBuildFile; fileRef = BE86ED4F2958D6B800ACA2BF /* Day11.swift */; };
		BE86ED592958FFCA00ACA2BF /* 217-ContainsDuplicate.swift in Sources */ = {isa = PBXBuildFile; fileRef = BE86ED572958FFC600ACA2BF /* 217-ContainsDuplicate.swift */; };
		BE86ED5E295A1BC000ACA2BF /* Day12.swift in Sources */ = {isa = PBXBuildFile; fileRef = BE86ED5C295A1BBA00ACA2BF /* Day12.swift */; };
		BE86ED67295A316400ACA2BF /* 121-maxProfit.swift in Sources */ = {isa = PBXBuildFile; fileRef = BE86ED64295A316400ACA2BF /* 121-maxProfit.swift */; };
		BE86ED87295A640600ACA2BF /* Day13.swift in Sources */ = {isa = PBXBuildFile; fileRef = BE86ED86295A640600ACA2BF /* Day13.swift */; };
		BE86ED8D295B7B7400ACA2BF /* FindToppledBricks.swift in Sources */ = {isa = PBXBuildFile; fileRef = BE86ED8C295B7B7400ACA2BF /* FindToppledBricks.swift */; };
		BE86ED91295B91F600ACA2BF /* 242-ValidAnagram.swift in Sources */ = {isa = PBXBuildFile; fileRef = BE86ED90295B91F600ACA2BF /* 242-ValidAnagram.swift */; };
		BE86EDC2295CB5C700ACA2BF /* Day14.swift in Sources */ = {isa = PBXBuildFile; fileRef = BE86EDC1295CB5C700ACA2BF /* Day14.swift */; };
/* End PBXBuildFile section */

/* Begin PBXCopyFilesBuildPhase section */
		BE86ECC5294BF70300ACA2BF /* CopyFiles */ = {
			isa = PBXCopyFilesBuildPhase;
			buildActionMask = 2147483647;
			dstPath = /usr/share/man/man1/;
			dstSubfolderSpec = 0;
			files = (
			);
			runOnlyForDeploymentPostprocessing = 1;
		};
/* End PBXCopyFilesBuildPhase section */

/* Begin PBXFileReference section */
		BE41E09D295CD5CD00273902 /* 20-ValidParentheses.swift */ = {isa = PBXFileReference; lastKnownFileType = sourcecode.swift; path = "20-ValidParentheses.swift"; sourceTree = "<group>"; };
		BE41E0CB295E0E5400273902 /* Day15.swift */ = {isa = PBXFileReference; lastKnownFileType = sourcecode.swift; path = Day15.swift; sourceTree = "<group>"; };
		BE41E0CE295E1E4100273902 /* 53-MaximumSubarray.swift */ = {isa = PBXFileReference; lastKnownFileType = sourcecode.swift; path = "53-MaximumSubarray.swift"; sourceTree = "<group>"; };
		BE41E0F2295F552000273902 /* Day16.swift */ = {isa = PBXFileReference; lastKnownFileType = sourcecode.swift; path = Day16.swift; sourceTree = "<group>"; };
		BE41E0F5295F6C1500273902 /* 238-ProductOfArrayExceptSelf.swift */ = {isa = PBXFileReference; lastKnownFileType = sourcecode.swift; path = "238-ProductOfArrayExceptSelf.swift"; sourceTree = "<group>"; };
		BE41E0F92960CE6300273902 /* Day17.swift */ = {isa = PBXFileReference; lastKnownFileType = sourcecode.swift; path = Day17.swift; sourceTree = "<group>"; };
		BE41E0FC296215BD00273902 /* Day18.swift */ = {isa = PBXFileReference; lastKnownFileType = sourcecode.swift; path = Day18.swift; sourceTree = "<group>"; };
		BE41E10029622D2D00273902 /* 15-3Sum.swift */ = {isa = PBXFileReference; lastKnownFileType = sourcecode.swift; path = "15-3Sum.swift"; sourceTree = "<group>"; };
		BE41E10329635C8C00273902 /* Day19.swift */ = {isa = PBXFileReference; lastKnownFileType = sourcecode.swift; path = Day19.swift; sourceTree = "<group>"; };
		BE41E1072963814400273902 /* 219-ContainsDuplicateII.swift */ = {isa = PBXFileReference; lastKnownFileType = sourcecode.swift; path = "219-ContainsDuplicateII.swift"; sourceTree = "<group>"; };
		BE41E1092964AAE000273902 /* README.md */ = {isa = PBXFileReference; lastKnownFileType = net.daringfireball.markdown; path = README.md; sourceTree = "<group>"; };
		BE41E10A2964AB4700273902 /* README.md */ = {isa = PBXFileReference; lastKnownFileType = net.daringfireball.markdown; path = README.md; sourceTree = "<group>"; };
		BE41E10B2964AB6100273902 /* README.md */ = {isa = PBXFileReference; lastKnownFileType = net.daringfireball.markdown; path = README.md; sourceTree = "<group>"; };
		BE41E10C2964AB7800273902 /* README.md */ = {isa = PBXFileReference; lastKnownFileType = net.daringfireball.markdown; path = README.md; sourceTree = "<group>"; };
		BE41E10D2964AB8E00273902 /* README.md */ = {isa = PBXFileReference; lastKnownFileType = net.daringfireball.markdown; path = README.md; sourceTree = "<group>"; };
		BE41E10E2964ABA100273902 /* README.md */ = {isa = PBXFileReference; lastKnownFileType = net.daringfireball.markdown; path = README.md; sourceTree = "<group>"; };
		BE41E10F2964ABB200273902 /* README.md */ = {isa = PBXFileReference; lastKnownFileType = net.daringfireball.markdown; path = README.md; sourceTree = "<group>"; };
		BE41E1102964ABBE00273902 /* README.md */ = {isa = PBXFileReference; lastKnownFileType = net.daringfireball.markdown; path = README.md; sourceTree = "<group>"; };
		BE41E1112964ABCF00273902 /* README.md */ = {isa = PBXFileReference; lastKnownFileType = net.daringfireball.markdown; path = README.md; sourceTree = "<group>"; };
		BE41E1122964ABDE00273902 /* README.md */ = {isa = PBXFileReference; lastKnownFileType = net.daringfireball.markdown; path = README.md; sourceTree = "<group>"; };
		BE41E1132964ABF400273902 /* README.md */ = {isa = PBXFileReference; lastKnownFileType = net.daringfireball.markdown; path = README.md; sourceTree = "<group>"; };
		BE41E1142964AC0E00273902 /* README.md */ = {isa = PBXFileReference; lastKnownFileType = net.daringfireball.markdown; path = README.md; sourceTree = "<group>"; };
		BE41E1152964AC1C00273902 /* README.md */ = {isa = PBXFileReference; lastKnownFileType = net.daringfireball.markdown; path = README.md; sourceTree = "<group>"; };
		BE41E1162964AC2F00273902 /* README.md */ = {isa = PBXFileReference; lastKnownFileType = net.daringfireball.markdown; path = README.md; sourceTree = "<group>"; };
		BE41E1172964AC4D00273902 /* README.md */ = {isa = PBXFileReference; lastKnownFileType = net.daringfireball.markdown; path = README.md; sourceTree = "<group>"; };
		BE41E1182964AC5D00273902 /* README.md */ = {isa = PBXFileReference; lastKnownFileType = net.daringfireball.markdown; path = README.md; sourceTree = "<group>"; };
		BE41E1192964AC7A00273902 /* README.md */ = {isa = PBXFileReference; lastKnownFileType = net.daringfireball.markdown; path = README.md; sourceTree = "<group>"; };
		BE41E11A2964AC8800273902 /* README.md */ = {isa = PBXFileReference; lastKnownFileType = net.daringfireball.markdown; path = README.md; sourceTree = "<group>"; };
		BE41E11B2964ACA100273902 /* README.md */ = {isa = PBXFileReference; lastKnownFileType = net.daringfireball.markdown; path = README.md; sourceTree = "<group>"; };
		BE41E11C2964ACCE00273902 /* README.md */ = {isa = PBXFileReference; lastKnownFileType = net.daringfireball.markdown; path = README.md; sourceTree = "<group>"; };
		BE41E11D2964ACE000273902 /* README.md */ = {isa = PBXFileReference; lastKnownFileType = net.daringfireball.markdown; path = README.md; sourceTree = "<group>"; };
		BE41E11E2964ACF000273902 /* README.md */ = {isa = PBXFileReference; lastKnownFileType = net.daringfireball.markdown; path = README.md; sourceTree = "<group>"; };
		BE41E11F2964ACF900273902 /* README.md */ = {isa = PBXFileReference; lastKnownFileType = net.daringfireball.markdown; path = README.md; sourceTree = "<group>"; };
		BE41E1202964AD0300273902 /* README.md */ = {isa = PBXFileReference; lastKnownFileType = net.daringfireball.markdown; path = README.md; sourceTree = "<group>"; };
		BE41E1212964AD0C00273902 /* README.md */ = {isa = PBXFileReference; lastKnownFileType = net.daringfireball.markdown; path = README.md; sourceTree = "<group>"; };
		BE41E1222964AD1600273902 /* README.md */ = {isa = PBXFileReference; lastKnownFileType = net.daringfireball.markdown; path = README.md; sourceTree = "<group>"; };
		BE41E1232964AD2000273902 /* README.md */ = {isa = PBXFileReference; lastKnownFileType = net.daringfireball.markdown; path = README.md; sourceTree = "<group>"; };
		BE41E1242964AD2A00273902 /* README.md */ = {isa = PBXFileReference; lastKnownFileType = net.daringfireball.markdown; path = README.md; sourceTree = "<group>"; };
		BE41E1252964AD3500273902 /* README.md */ = {isa = PBXFileReference; lastKnownFileType = net.daringfireball.markdown; path = README.md; sourceTree = "<group>"; };
		BE41E1272964B02300273902 /* README.md */ = {isa = PBXFileReference; lastKnownFileType = net.daringfireball.markdown; path = README.md; sourceTree = "<group>"; };
		BE41E1282964B06900273902 /* 144-BinaryTreePreorderTraversal.swift */ = {isa = PBXFileReference; lastKnownFileType = sourcecode.swift; path = "144-BinaryTreePreorderTraversal.swift"; sourceTree = "<group>"; };
		BE41E12B2964B8F000273902 /* README.md */ = {isa = PBXFileReference; lastKnownFileType = net.daringfireball.markdown; path = README.md; sourceTree = "<group>"; };
		BE41E12C2964B93400273902 /* Day20.swift */ = {isa = PBXFileReference; lastKnownFileType = sourcecode.swift; path = Day20.swift; sourceTree = "<group>"; };
		BE41E1302964F7F400273902 /* 94-BinaryTreeInorderTraversal.swift */ = {isa = PBXFileReference; lastKnownFileType = sourcecode.swift; path = "94-BinaryTreeInorderTraversal.swift"; sourceTree = "<group>"; };
		BE41E1322964F81C00273902 /* README.md */ = {isa = PBXFileReference; lastKnownFileType = net.daringfireball.markdown; path = README.md; sourceTree = "<group>"; };
		BE41E1332964F85900273902 /* README.md */ = {isa = PBXFileReference; lastKnownFileType = net.daringfireball.markdown; path = README.md; sourceTree = "<group>"; };
		BE41E1342964F8A100273902 /* 145-BinaryTreePostorderTraversal.swift */ = {isa = PBXFileReference; lastKnownFileType = sourcecode.swift; path = "145-BinaryTreePostorderTraversal.swift"; sourceTree = "<group>"; };
		BE41E13A2965F0A000273902 /* README.md */ = {isa = PBXFileReference; lastKnownFileType = net.daringfireball.markdown; path = README.md; sourceTree = "<group>"; };
		BE41E13B2965F0CD00273902 /* Day21.swift */ = {isa = PBXFileReference; lastKnownFileType = sourcecode.swift; path = Day21.swift; sourceTree = "<group>"; };
		BE41E13E2966124200273902 /* README.md */ = {isa = PBXFileReference; lastKnownFileType = net.daringfireball.markdown; path = README.md; sourceTree = "<group>"; };
		BE41E13F2966127800273902 /* 1228-MissingNumberInArithmeticProgression.swift */ = {isa = PBXFileReference; lastKnownFileType = sourcecode.swift; path = "1228-MissingNumberInArithmeticProgression.swift"; sourceTree = "<group>"; };
		BE41E1422966481200273902 /* README.md */ = {isa = PBXFileReference; lastKnownFileType = net.daringfireball.markdown; path = README.md; sourceTree = "<group>"; };
		BE41E1432966483D00273902 /* 366-FindLeavesOfBinaryTree.swift */ = {isa = PBXFileReference; lastKnownFileType = sourcecode.swift; path = "366-FindLeavesOfBinaryTree.swift"; sourceTree = "<group>"; };
		BE41E14629677E3600273902 /* Day22.md */ = {isa = PBXFileReference; lastKnownFileType = net.daringfireball.markdown; path = Day22.md; sourceTree = "<group>"; };
		BE41E14729677E8800273902 /* Day22.swift */ = {isa = PBXFileReference; lastKnownFileType = sourcecode.swift; path = Day22.swift; sourceTree = "<group>"; };
		BE41E14A2968A23A00273902 /* Day23.md */ = {isa = PBXFileReference; lastKnownFileType = net.daringfireball.markdown; path = Day23.md; sourceTree = "<group>"; };
		BE41E14B2968A2D600273902 /* Day23.swift */ = {isa = PBXFileReference; lastKnownFileType = sourcecode.swift; path = Day23.swift; sourceTree = "<group>"; };
		BE41E14F2968C0A800273902 /* README.md */ = {isa = PBXFileReference; lastKnownFileType = net.daringfireball.markdown; path = README.md; sourceTree = "<group>"; };
		BE41E1502968C65E00273902 /* UnderscorifySubstring.swift */ = {isa = PBXFileReference; lastKnownFileType = sourcecode.swift; path = UnderscorifySubstring.swift; sourceTree = "<group>"; };
		BE41E153296A1A5500273902 /* Day24.md */ = {isa = PBXFileReference; lastKnownFileType = net.daringfireball.markdown; path = Day24.md; sourceTree = "<group>"; };
		BE41E154296A207200273902 /* Day24.swift */ = {isa = PBXFileReference; lastKnownFileType = sourcecode.swift; path = Day24.swift; sourceTree = "<group>"; };
		BE41E157296A883000273902 /* Day25.md */ = {isa = PBXFileReference; lastKnownFileType = net.daringfireball.markdown; path = Day25.md; sourceTree = "<group>"; };
		BE41E158296A889A00273902 /* Day25.swift */ = {isa = PBXFileReference; lastKnownFileType = sourcecode.swift; path = Day25.swift; sourceTree = "<group>"; };
		BE41E15B296C872E00273902 /* Day26.swift */ = {isa = PBXFileReference; lastKnownFileType = sourcecode.swift; path = Day26.swift; sourceTree = "<group>"; };
		BE41E15D296C873E00273902 /* README.md */ = {isa = PBXFileReference; lastKnownFileType = net.daringfireball.markdown; path = README.md; sourceTree = "<group>"; };
		BE41E15F296CB41600273902 /* README.md */ = {isa = PBXFileReference; lastKnownFileType = net.daringfireball.markdown; path = README.md; sourceTree = "<group>"; };
		BE41E160296CB45D00273902 /* 496-NextGreaterElementI.swift */ = {isa = PBXFileReference; lastKnownFileType = sourcecode.swift; path = "496-NextGreaterElementI.swift"; sourceTree = "<group>"; };
		BE41E163296DF40D00273902 /* README.md */ = {isa = PBXFileReference; lastKnownFileType = net.daringfireball.markdown; path = README.md; sourceTree = "<group>"; };
		BE41E164296DF43B00273902 /* Day27.swift */ = {isa = PBXFileReference; lastKnownFileType = sourcecode.swift; path = Day27.swift; sourceTree = "<group>"; };
		BE41E168296E08E000273902 /* README.md */ = {isa = PBXFileReference; lastKnownFileType = net.daringfireball.markdown; path = README.md; sourceTree = "<group>"; };
		BE41E169296E090C00273902 /* 11-ContainerWithMostWater.swift */ = {isa = PBXFileReference; lastKnownFileType = sourcecode.swift; path = "11-ContainerWithMostWater.swift"; sourceTree = "<group>"; };
		BE41E16C296E141A00273902 /* README.md */ = {isa = PBXFileReference; lastKnownFileType = net.daringfireball.markdown; path = README.md; sourceTree = "<group>"; xcLanguageSpecificationIdentifier = xcode.lang.documentation.markup; };
		BE41E16F296E145600273902 /* README.md */ = {isa = PBXFileReference; lastKnownFileType = net.daringfireball.markdown; path = README.md; sourceTree = "<group>"; };
		BE41E171296E14DC00273902 /* README.md */ = {isa = PBXFileReference; lastKnownFileType = net.daringfireball.markdown; path = README.md; sourceTree = "<group>"; };
		BE41E173296E150B00273902 /* README.md */ = {isa = PBXFileReference; lastKnownFileType = net.daringfireball.markdown; path = README.md; sourceTree = "<group>"; };
		BE41E175296E154200273902 /* README.md */ = {isa = PBXFileReference; lastKnownFileType = net.daringfireball.markdown; path = README.md; sourceTree = "<group>"; };
		BE41E177296E15D200273902 /* README.md */ = {isa = PBXFileReference; lastKnownFileType = net.daringfireball.markdown; path = README.md; sourceTree = "<group>"; };
		BE41E179296E162E00273902 /* README.md */ = {isa = PBXFileReference; lastKnownFileType = net.daringfireball.markdown; path = README.md; sourceTree = "<group>"; };
		BE41E17B296E167000273902 /* README.md */ = {isa = PBXFileReference; lastKnownFileType = net.daringfireball.markdown; path = README.md; sourceTree = "<group>"; };
		BE41E17D296E16B600273902 /* README.md */ = {isa = PBXFileReference; lastKnownFileType = net.daringfireball.markdown; path = README.md; sourceTree = "<group>"; };
		BE41E180296E171800273902 /* README.md */ = {isa = PBXFileReference; lastKnownFileType = net.daringfireball.markdown; path = README.md; sourceTree = "<group>"; };
		BE41E181296E178200273902 /* Day53.swift */ = {isa = PBXFileReference; lastKnownFileType = sourcecode.swift; path = Day53.swift; sourceTree = "<group>"; };
		BE41E183296E6D2800273902 /* Day74.swift */ = {isa = PBXFileReference; lastKnownFileType = sourcecode.swift; path = Day74.swift; sourceTree = "<group>"; };
		BE41E185296F330D00273902 /* Day93.swift */ = {isa = PBXFileReference; lastKnownFileType = sourcecode.swift; path = Day93.swift; sourceTree = "<group>"; };
		BE41E187296F4CA900273902 /* Day148.swift */ = {isa = PBXFileReference; lastKnownFileType = sourcecode.swift; path = Day148.swift; sourceTree = "<group>"; };
		BE41E189296F542900273902 /* Day196.swift */ = {isa = PBXFileReference; lastKnownFileType = sourcecode.swift; path = Day196.swift; sourceTree = "<group>"; };
		BE41E18B296F610D00273902 /* Day210.swift */ = {isa = PBXFileReference; lastKnownFileType = sourcecode.swift; path = Day210.swift; sourceTree = "<group>"; };
		BE41E18D296F6C3100273902 /* Day233.swift */ = {isa = PBXFileReference; lastKnownFileType = sourcecode.swift; path = Day233.swift; sourceTree = "<group>"; };
		BE41E18F296F75B500273902 /* Day273.swift */ = {isa = PBXFileReference; lastKnownFileType = sourcecode.swift; path = Day273.swift; sourceTree = "<group>"; };
		BE41E191296F79FA00273902 /* Day318.swift */ = {isa = PBXFileReference; lastKnownFileType = sourcecode.swift; path = Day318.swift; sourceTree = "<group>"; };
		BE41E193296F83AC00273902 /* Day337.swift */ = {isa = PBXFileReference; lastKnownFileType = sourcecode.swift; path = Day337.swift; sourceTree = "<group>"; };
		BE41E1962970917500273902 /* README.md */ = {isa = PBXFileReference; lastKnownFileType = net.daringfireball.markdown; path = README.md; sourceTree = "<group>"; };
		BE41E19829709C1300273902 /* README.md */ = {isa = PBXFileReference; lastKnownFileType = net.daringfireball.markdown; path = README.md; sourceTree = "<group>"; };
		BE41E1992970B11D00273902 /* 67-AddBinary.swift */ = {isa = PBXFileReference; lastKnownFileType = sourcecode.swift; path = "67-AddBinary.swift"; sourceTree = "<group>"; };
		BE41E19B2972179900273902 /* 9-PalindromeNumber.swift */ = {isa = PBXFileReference; lastKnownFileType = sourcecode.swift; path = "9-PalindromeNumber.swift"; sourceTree = "<group>"; };
		BE41E19E29722C5600273902 /* 297-SerializeAndDeserializeBinaryTree.swift */ = {isa = PBXFileReference; lastKnownFileType = sourcecode.swift; path = "297-SerializeAndDeserializeBinaryTree.swift"; sourceTree = "<group>"; };
		BE41E1A029722C6900273902 /* README.md */ = {isa = PBXFileReference; lastKnownFileType = net.daringfireball.markdown; path = README.md; sourceTree = "<group>"; };
		BE41E1A129722CA200273902 /* SerializeAndDeserializeLinkedList.swift */ = {isa = PBXFileReference; lastKnownFileType = sourcecode.swift; path = SerializeAndDeserializeLinkedList.swift; sourceTree = "<group>"; };
		BE86ECC7294BF70300ACA2BF /* coding-challenges */ = {isa = PBXFileReference; explicitFileType = "compiled.mach-o.executable"; includeInIndex = 0; path = "coding-challenges"; sourceTree = BUILT_PRODUCTS_DIR; };
		BE86ECE729503EBF00ACA2BF /* Tests.xctest */ = {isa = PBXFileReference; explicitFileType = wrapper.cfbundle; includeInIndex = 0; path = Tests.xctest; sourceTree = BUILT_PRODUCTS_DIR; };
		BE86ED0E295677EE00ACA2BF /* Day2.swift */ = {isa = PBXFileReference; fileEncoding = 4; lastKnownFileType = sourcecode.swift; path = Day2.swift; sourceTree = "<group>"; };
		BE86ED12295677EE00ACA2BF /* Day5.swift */ = {isa = PBXFileReference; fileEncoding = 4; lastKnownFileType = sourcecode.swift; path = Day5.swift; sourceTree = "<group>"; };
		BE86ED17295677EE00ACA2BF /* Day4.swift */ = {isa = PBXFileReference; fileEncoding = 4; lastKnownFileType = sourcecode.swift; path = Day4.swift; sourceTree = "<group>"; };
		BE86ED1C295677EE00ACA2BF /* Day3.swift */ = {isa = PBXFileReference; fileEncoding = 4; lastKnownFileType = sourcecode.swift; path = Day3.swift; sourceTree = "<group>"; };
		BE86ED1F295677EE00ACA2BF /* Day8.swift */ = {isa = PBXFileReference; fileEncoding = 4; lastKnownFileType = sourcecode.swift; path = Day8.swift; sourceTree = "<group>"; };
		BE86ED22295677EE00ACA2BF /* Day6.swift */ = {isa = PBXFileReference; fileEncoding = 4; lastKnownFileType = sourcecode.swift; path = Day6.swift; sourceTree = "<group>"; };
		BE86ED25295677EE00ACA2BF /* Day1.swift */ = {isa = PBXFileReference; fileEncoding = 4; lastKnownFileType = sourcecode.swift; path = Day1.swift; sourceTree = "<group>"; };
		BE86ED2A295677EE00ACA2BF /* Day7.swift */ = {isa = PBXFileReference; fileEncoding = 4; lastKnownFileType = sourcecode.swift; path = Day7.swift; sourceTree = "<group>"; };
		BE86ED30295677EE00ACA2BF /* Day9.swift */ = {isa = PBXFileReference; fileEncoding = 4; lastKnownFileType = sourcecode.swift; path = Day9.swift; sourceTree = "<group>"; };
		BE86ED4629567AEF00ACA2BF /* 1-TwoSum.swift */ = {isa = PBXFileReference; lastKnownFileType = sourcecode.swift; path = "1-TwoSum.swift"; sourceTree = "<group>"; };
		BE86ED4A2957F40F00ACA2BF /* Day10.swift */ = {isa = PBXFileReference; lastKnownFileType = sourcecode.swift; path = Day10.swift; sourceTree = "<group>"; };
		BE86ED4F2958D6B800ACA2BF /* Day11.swift */ = {isa = PBXFileReference; lastKnownFileType = sourcecode.swift; path = Day11.swift; sourceTree = "<group>"; };
		BE86ED572958FFC600ACA2BF /* 217-ContainsDuplicate.swift */ = {isa = PBXFileReference; lastKnownFileType = sourcecode.swift; path = "217-ContainsDuplicate.swift"; sourceTree = "<group>"; };
		BE86ED5C295A1BBA00ACA2BF /* Day12.swift */ = {isa = PBXFileReference; lastKnownFileType = sourcecode.swift; path = Day12.swift; sourceTree = "<group>"; };
		BE86ED64295A316400ACA2BF /* 121-maxProfit.swift */ = {isa = PBXFileReference; fileEncoding = 4; lastKnownFileType = sourcecode.swift; path = "121-maxProfit.swift"; sourceTree = "<group>"; };
		BE86ED86295A640600ACA2BF /* Day13.swift */ = {isa = PBXFileReference; lastKnownFileType = sourcecode.swift; path = Day13.swift; sourceTree = "<group>"; };
		BE86ED8C295B7B7400ACA2BF /* FindToppledBricks.swift */ = {isa = PBXFileReference; lastKnownFileType = sourcecode.swift; path = FindToppledBricks.swift; sourceTree = "<group>"; };
		BE86ED90295B91F600ACA2BF /* 242-ValidAnagram.swift */ = {isa = PBXFileReference; lastKnownFileType = sourcecode.swift; path = "242-ValidAnagram.swift"; sourceTree = "<group>"; };
		BE86EDC1295CB5C700ACA2BF /* Day14.swift */ = {isa = PBXFileReference; lastKnownFileType = sourcecode.swift; path = Day14.swift; sourceTree = "<group>"; };
/* End PBXFileReference section */

/* Begin PBXFrameworksBuildPhase section */
		BE86ECC4294BF70300ACA2BF /* Frameworks */ = {
			isa = PBXFrameworksBuildPhase;
			buildActionMask = 2147483647;
			files = (
			);
			runOnlyForDeploymentPostprocessing = 0;
		};
		BE86ECE429503EBF00ACA2BF /* Frameworks */ = {
			isa = PBXFrameworksBuildPhase;
			buildActionMask = 2147483647;
			files = (
			);
			runOnlyForDeploymentPostprocessing = 0;
		};
/* End PBXFrameworksBuildPhase section */

/* Begin PBXGroup section */
		BE41E09C295CD5AA00273902 /* 20. Valid Parentheses */ = {
			isa = PBXGroup;
			children = (
				BE41E09D295CD5CD00273902 /* 20-ValidParentheses.swift */,
				BE41E11F2964ACF900273902 /* README.md */,
			);
			path = "20. Valid Parentheses";
			sourceTree = "<group>";
		};
		BE41E0C9295E0DB100273902 /* Day 15 */ = {
			isa = PBXGroup;
			children = (
				BE41E0CB295E0E5400273902 /* Day15.swift */,
				BE41E1172964AC4D00273902 /* README.md */,
			);
			path = "Day 15";
			sourceTree = "<group>";
		};
		BE41E0CD295E1E2100273902 /* 53. Maximum Subarray */ = {
			isa = PBXGroup;
			children = (
				BE41E0CE295E1E4100273902 /* 53-MaximumSubarray.swift */,
				BE41E1202964AD0300273902 /* README.md */,
			);
			path = "53. Maximum Subarray";
			sourceTree = "<group>";
		};
		BE41E0F0295F548100273902 /* Day 16 */ = {
			isa = PBXGroup;
			children = (
				BE41E0F2295F552000273902 /* Day16.swift */,
				BE41E1182964AC5D00273902 /* README.md */,
			);
			path = "Day 16";
			sourceTree = "<group>";
		};
		BE41E0F4295F6BEB00273902 /* 238. Product of Array Except Self */ = {
			isa = PBXGroup;
			children = (
				BE41E0F5295F6C1500273902 /* 238-ProductOfArrayExceptSelf.swift */,
				BE41E1242964AD2A00273902 /* README.md */,
			);
			path = "238. Product of Array Except Self";
			sourceTree = "<group>";
		};
		BE41E0F72960CD5800273902 /* Day 17 */ = {
			isa = PBXGroup;
			children = (
				BE41E0F92960CE6300273902 /* Day17.swift */,
				BE41E1192964AC7A00273902 /* README.md */,
			);
			path = "Day 17";
			sourceTree = "<group>";
		};
		BE41E0FB296215AF00273902 /* Day 18 */ = {
			isa = PBXGroup;
			children = (
				BE41E0FC296215BD00273902 /* Day18.swift */,
				BE41E11A2964AC8800273902 /* README.md */,
			);
			path = "Day 18";
			sourceTree = "<group>";
		};
		BE41E0FF29622D1B00273902 /* 15. 3Sum */ = {
			isa = PBXGroup;
			children = (
				BE41E10029622D2D00273902 /* 15-3Sum.swift */,
				BE41E11E2964ACF000273902 /* README.md */,
			);
			path = "15. 3Sum";
			sourceTree = "<group>";
		};
		BE41E10229635C7E00273902 /* Day 19 */ = {
			isa = PBXGroup;
			children = (
				BE41E10329635C8C00273902 /* Day19.swift */,
				BE41E11B2964ACA100273902 /* README.md */,
			);
			path = "Day 19";
			sourceTree = "<group>";
		};
		BE41E1062963811B00273902 /* 219. Contains Duplicate II */ = {
			isa = PBXGroup;
			children = (
				BE41E1072963814400273902 /* 219-ContainsDuplicateII.swift */,
				BE41E1232964AD2000273902 /* README.md */,
			);
			path = "219. Contains Duplicate II";
			sourceTree = "<group>";
		};
		BE41E1262964AFFC00273902 /* 144. Binary Tree Preorder Traversal */ = {
			isa = PBXGroup;
			children = (
				BE41E1282964B06900273902 /* 144-BinaryTreePreorderTraversal.swift */,
				BE41E1272964B02300273902 /* README.md */,
			);
			path = "144. Binary Tree Preorder Traversal";
			sourceTree = "<group>";
		};
		BE41E12A2964B8D800273902 /* Day 20 */ = {
			isa = PBXGroup;
			children = (
				BE41E12B2964B8F000273902 /* README.md */,
				BE41E12C2964B93400273902 /* Day20.swift */,
			);
			path = "Day 20";
			sourceTree = "<group>";
		};
		BE41E12E2964F70F00273902 /* 145. Binary Tree Postorder Traversal */ = {
			isa = PBXGroup;
			children = (
				BE41E1342964F8A100273902 /* 145-BinaryTreePostorderTraversal.swift */,
				BE41E1332964F85900273902 /* README.md */,
			);
			path = "145. Binary Tree Postorder Traversal";
			sourceTree = "<group>";
		};
		BE41E12F2964F72700273902 /* 94. Binary Tree Inorder Traversal */ = {
			isa = PBXGroup;
			children = (
				BE41E1302964F7F400273902 /* 94-BinaryTreeInorderTraversal.swift */,
				BE41E1322964F81C00273902 /* README.md */,
			);
			path = "94. Binary Tree Inorder Traversal";
			sourceTree = "<group>";
		};
		BE41E1392965F06F00273902 /* Day 21 */ = {
			isa = PBXGroup;
			children = (
				BE41E13B2965F0CD00273902 /* Day21.swift */,
				BE41E13A2965F0A000273902 /* README.md */,
			);
			path = "Day 21";
			sourceTree = "<group>";
		};
		BE41E13D2966122A00273902 /* 1228. Missing Number In Arithmetic Progression */ = {
			isa = PBXGroup;
			children = (
				BE41E13F2966127800273902 /* 1228-MissingNumberInArithmeticProgression.swift */,
				BE41E13E2966124200273902 /* README.md */,
			);
			path = "1228. Missing Number In Arithmetic Progression";
			sourceTree = "<group>";
		};
		BE41E141296647F800273902 /* 366. Find Leaves of Binary Tree */ = {
			isa = PBXGroup;
			children = (
				BE41E1432966483D00273902 /* 366-FindLeavesOfBinaryTree.swift */,
				BE41E1422966481200273902 /* README.md */,
			);
			path = "366. Find Leaves of Binary Tree";
			sourceTree = "<group>";
		};
		BE41E14529677E2000273902 /* Day 22 */ = {
			isa = PBXGroup;
			children = (
				BE41E14629677E3600273902 /* Day22.md */,
				BE41E14729677E8800273902 /* Day22.swift */,
			);
			path = "Day 22";
			sourceTree = "<group>";
		};
		BE41E1492968A22100273902 /* Day 23 */ = {
			isa = PBXGroup;
			children = (
				BE41E14B2968A2D600273902 /* Day23.swift */,
				BE41E14A2968A23A00273902 /* Day23.md */,
			);
			path = "Day 23";
			sourceTree = "<group>";
		};
		BE41E14D2968C08900273902 /* AlgoExpert */ = {
			isa = PBXGroup;
			children = (
				BE41E14E2968C09100273902 /* Underscorify String */,
			);
			path = AlgoExpert;
			sourceTree = "<group>";
		};
		BE41E14E2968C09100273902 /* Underscorify String */ = {
			isa = PBXGroup;
			children = (
				BE41E1502968C65E00273902 /* UnderscorifySubstring.swift */,
				BE41E14F2968C0A800273902 /* README.md */,
			);
			path = "Underscorify String";
			sourceTree = "<group>";
		};
		BE41E152296A1A2800273902 /* Day 24 */ = {
			isa = PBXGroup;
			children = (
				BE41E154296A207200273902 /* Day24.swift */,
				BE41E153296A1A5500273902 /* Day24.md */,
			);
			path = "Day 24";
			sourceTree = "<group>";
		};
		BE41E156296A881700273902 /* Day 25 */ = {
			isa = PBXGroup;
			children = (
				BE41E158296A889A00273902 /* Day25.swift */,
				BE41E157296A883000273902 /* Day25.md */,
			);
			path = "Day 25";
			sourceTree = "<group>";
		};
		BE41E15A296C871E00273902 /* Day 26 */ = {
			isa = PBXGroup;
			children = (
				BE41E15B296C872E00273902 /* Day26.swift */,
				BE41E15D296C873E00273902 /* README.md */,
			);
			path = "Day 26";
			sourceTree = "<group>";
		};
		BE41E15E296CB40300273902 /* 496. Next Greater Element I */ = {
			isa = PBXGroup;
			children = (
				BE41E160296CB45D00273902 /* 496-NextGreaterElementI.swift */,
				BE41E15F296CB41600273902 /* README.md */,
			);
			path = "496. Next Greater Element I";
			sourceTree = "<group>";
		};
		BE41E162296DF3F700273902 /* Day 27 */ = {
			isa = PBXGroup;
			children = (
				BE41E164296DF43B00273902 /* Day27.swift */,
				BE41E163296DF40D00273902 /* README.md */,
			);
			path = "Day 27";
			sourceTree = "<group>";
		};
		BE41E167296E08C400273902 /* 11. Container With Most Water */ = {
			isa = PBXGroup;
			children = (
				BE41E169296E090C00273902 /* 11-ContainerWithMostWater.swift */,
				BE41E168296E08E000273902 /* README.md */,
			);
			path = "11. Container With Most Water";
			sourceTree = "<group>";
		};
		BE41E16B296E140300273902 /* Day 53 */ = {
			isa = PBXGroup;
			children = (
				BE41E181296E178200273902 /* Day53.swift */,
				BE41E16C296E141A00273902 /* README.md */,
			);
			path = "Day 53";
			sourceTree = "<group>";
		};
		BE41E16D296E143C00273902 /* Day 74 */ = {
			isa = PBXGroup;
			children = (
				BE41E183296E6D2800273902 /* Day74.swift */,
				BE41E16F296E145600273902 /* README.md */,
			);
			path = "Day 74";
			sourceTree = "<group>";
		};
		BE41E170296E14C900273902 /* Day 93 */ = {
			isa = PBXGroup;
			children = (
				BE41E185296F330D00273902 /* Day93.swift */,
				BE41E171296E14DC00273902 /* README.md */,
			);
			path = "Day 93";
			sourceTree = "<group>";
		};
		BE41E172296E14FB00273902 /* Day 148 */ = {
			isa = PBXGroup;
			children = (
				BE41E187296F4CA900273902 /* Day148.swift */,
				BE41E173296E150B00273902 /* README.md */,
			);
			path = "Day 148";
			sourceTree = "<group>";
		};
		BE41E174296E153400273902 /* Day 196 */ = {
			isa = PBXGroup;
			children = (
				BE41E189296F542900273902 /* Day196.swift */,
				BE41E175296E154200273902 /* README.md */,
			);
			path = "Day 196";
			sourceTree = "<group>";
		};
		BE41E176296E15C100273902 /* Day 210 */ = {
			isa = PBXGroup;
			children = (
				BE41E18B296F610D00273902 /* Day210.swift */,
				BE41E177296E15D200273902 /* README.md */,
			);
			path = "Day 210";
			sourceTree = "<group>";
		};
		BE41E178296E161D00273902 /* Day 233 */ = {
			isa = PBXGroup;
			children = (
				BE41E18D296F6C3100273902 /* Day233.swift */,
				BE41E179296E162E00273902 /* README.md */,
			);
			path = "Day 233";
			sourceTree = "<group>";
		};
		BE41E17A296E165F00273902 /* Day 273 */ = {
			isa = PBXGroup;
			children = (
				BE41E18F296F75B500273902 /* Day273.swift */,
				BE41E17B296E167000273902 /* README.md */,
			);
			path = "Day 273";
			sourceTree = "<group>";
		};
		BE41E17C296E16A500273902 /* Day 318 */ = {
			isa = PBXGroup;
			children = (
				BE41E191296F79FA00273902 /* Day318.swift */,
				BE41E17D296E16B600273902 /* README.md */,
			);
			path = "Day 318";
			sourceTree = "<group>";
		};
		BE41E17F296E170800273902 /* Day 337 */ = {
			isa = PBXGroup;
			children = (
				BE41E193296F83AC00273902 /* Day337.swift */,
				BE41E180296E171800273902 /* README.md */,
			);
			path = "Day 337";
			sourceTree = "<group>";
		};
		BE41E1952970915B00273902 /* 67. Add Binary */ = {
			isa = PBXGroup;
			children = (
				BE41E1992970B11D00273902 /* 67-AddBinary.swift */,
				BE41E1962970917500273902 /* README.md */,
			);
			path = "67. Add Binary";
			sourceTree = "<group>";
		};
		BE41E19729709BFC00273902 /* 9. Palindrome Number */ = {
			isa = PBXGroup;
			children = (
				BE41E19B2972179900273902 /* 9-PalindromeNumber.swift */,
				BE41E19829709C1300273902 /* README.md */,
			);
			path = "9. Palindrome Number";
			sourceTree = "<group>";
		};
		BE41E19D29722C3600273902 /* 297. Serialize and Deserialize Binary Tree */ = {
			isa = PBXGroup;
			children = (
				BE41E19E29722C5600273902 /* 297-SerializeAndDeserializeBinaryTree.swift */,
				BE41E1A129722CA200273902 /* SerializeAndDeserializeLinkedList.swift */,
				BE41E1A029722C6900273902 /* README.md */,
			);
			path = "297. Serialize and Deserialize Binary Tree";
			sourceTree = "<group>";
		};
		BE86ECBE294BF70300ACA2BF = {
			isa = PBXGroup;
			children = (
				BE86ECC9294BF70300ACA2BF /* sources */,
				BE86ECC8294BF70300ACA2BF /* Products */,
			);
			sourceTree = "<group>";
		};
		BE86ECC8294BF70300ACA2BF /* Products */ = {
			isa = PBXGroup;
			children = (
				BE86ECC7294BF70300ACA2BF /* coding-challenges */,
				BE86ECE729503EBF00ACA2BF /* Tests.xctest */,
			);
			name = Products;
			sourceTree = "<group>";
		};
		BE86ECC9294BF70300ACA2BF /* sources */ = {
			isa = PBXGroup;
			children = (
				BE41E14D2968C08900273902 /* AlgoExpert */,
				BE86ED89295B790D00ACA2BF /* GIQ */,
				BE86ED4329567A5E00ACA2BF /* leetcode */,
				BE86ED0B295677EE00ACA2BF /* daily-coding-problem */,
			);
			path = sources;
			sourceTree = "<group>";
		};
		BE86ED0B295677EE00ACA2BF /* daily-coding-problem */ = {
			isa = PBXGroup;
			children = (
				BE41E17F296E170800273902 /* Day 337 */,
				BE41E17C296E16A500273902 /* Day 318 */,
				BE41E17A296E165F00273902 /* Day 273 */,
				BE41E178296E161D00273902 /* Day 233 */,
				BE41E176296E15C100273902 /* Day 210 */,
				BE41E174296E153400273902 /* Day 196 */,
				BE41E172296E14FB00273902 /* Day 148 */,
				BE41E170296E14C900273902 /* Day 93 */,
				BE41E16D296E143C00273902 /* Day 74 */,
				BE41E16B296E140300273902 /* Day 53 */,
				BE41E162296DF3F700273902 /* Day 27 */,
				BE41E15A296C871E00273902 /* Day 26 */,
				BE41E156296A881700273902 /* Day 25 */,
				BE41E152296A1A2800273902 /* Day 24 */,
				BE41E1492968A22100273902 /* Day 23 */,
				BE41E14529677E2000273902 /* Day 22 */,
				BE41E1392965F06F00273902 /* Day 21 */,
				BE41E12A2964B8D800273902 /* Day 20 */,
				BE41E10229635C7E00273902 /* Day 19 */,
				BE41E0FB296215AF00273902 /* Day 18 */,
				BE41E0F72960CD5800273902 /* Day 17 */,
				BE41E0F0295F548100273902 /* Day 16 */,
				BE41E0C9295E0DB100273902 /* Day 15 */,
				BE86EDBE295CB56100ACA2BF /* Day 14 */,
				BE86ED85295A63F000ACA2BF /* Day 13 */,
				BE86ED5A295A18D700ACA2BF /* Day 12 */,
				BE86ED4C2958D64A00ACA2BF /* Day 11 */,
				BE86ED482957F3B900ACA2BF /* Day 10 */,
				BE86ED2C295677EE00ACA2BF /* Day 9 */,
				BE86ED1E295677EE00ACA2BF /* Day 8 */,
				BE86ED29295677EE00ACA2BF /* Day 7 */,
				BE86ED21295677EE00ACA2BF /* Day 6 */,
				BE86ED11295677EE00ACA2BF /* Day 5 */,
				BE86ED16295677EE00ACA2BF /* Day 4 */,
				BE86ED1B295677EE00ACA2BF /* Day 3 */,
				BE86ED0C295677EE00ACA2BF /* Day 2 */,
				BE86ED24295677EE00ACA2BF /* Day 1 */,
			);
			path = "daily-coding-problem";
			sourceTree = "<group>";
		};
		BE86ED0C295677EE00ACA2BF /* Day 2 */ = {
			isa = PBXGroup;
			children = (
				BE86ED0E295677EE00ACA2BF /* Day2.swift */,
				BE41E10B2964AB6100273902 /* README.md */,
			);
			path = "Day 2";
			sourceTree = "<group>";
		};
		BE86ED11295677EE00ACA2BF /* Day 5 */ = {
			isa = PBXGroup;
			children = (
				BE86ED12295677EE00ACA2BF /* Day5.swift */,
				BE41E10E2964ABA100273902 /* README.md */,
			);
			path = "Day 5";
			sourceTree = "<group>";
		};
		BE86ED16295677EE00ACA2BF /* Day 4 */ = {
			isa = PBXGroup;
			children = (
				BE86ED17295677EE00ACA2BF /* Day4.swift */,
				BE41E10D2964AB8E00273902 /* README.md */,
			);
			path = "Day 4";
			sourceTree = "<group>";
		};
		BE86ED1B295677EE00ACA2BF /* Day 3 */ = {
			isa = PBXGroup;
			children = (
				BE86ED1C295677EE00ACA2BF /* Day3.swift */,
				BE41E10C2964AB7800273902 /* README.md */,
			);
			path = "Day 3";
			sourceTree = "<group>";
		};
		BE86ED1E295677EE00ACA2BF /* Day 8 */ = {
			isa = PBXGroup;
			children = (
				BE86ED1F295677EE00ACA2BF /* Day8.swift */,
				BE41E1112964ABCF00273902 /* README.md */,
			);
			path = "Day 8";
			sourceTree = "<group>";
		};
		BE86ED21295677EE00ACA2BF /* Day 6 */ = {
			isa = PBXGroup;
			children = (
				BE86ED22295677EE00ACA2BF /* Day6.swift */,
				BE41E10F2964ABB200273902 /* README.md */,
			);
			path = "Day 6";
			sourceTree = "<group>";
		};
		BE86ED24295677EE00ACA2BF /* Day 1 */ = {
			isa = PBXGroup;
			children = (
				BE41E10A2964AB4700273902 /* README.md */,
				BE86ED25295677EE00ACA2BF /* Day1.swift */,
			);
			path = "Day 1";
			sourceTree = "<group>";
		};
		BE86ED29295677EE00ACA2BF /* Day 7 */ = {
			isa = PBXGroup;
			children = (
				BE86ED2A295677EE00ACA2BF /* Day7.swift */,
				BE41E1102964ABBE00273902 /* README.md */,
			);
			path = "Day 7";
			sourceTree = "<group>";
		};
		BE86ED2C295677EE00ACA2BF /* Day 9 */ = {
			isa = PBXGroup;
			children = (
				BE86ED30295677EE00ACA2BF /* Day9.swift */,
				BE41E1122964ABDE00273902 /* README.md */,
			);
			path = "Day 9";
			sourceTree = "<group>";
		};
		BE86ED4329567A5E00ACA2BF /* leetcode */ = {
			isa = PBXGroup;
			children = (
				BE86ED4429567A8300ACA2BF /* 1. Two Sum */,
				BE41E19729709BFC00273902 /* 9. Palindrome Number */,
				BE41E167296E08C400273902 /* 11. Container With Most Water */,
				BE41E0FF29622D1B00273902 /* 15. 3Sum */,
				BE41E09C295CD5AA00273902 /* 20. Valid Parentheses */,
				BE41E0CD295E1E2100273902 /* 53. Maximum Subarray */,
				BE41E1952970915B00273902 /* 67. Add Binary */,
				BE41E12F2964F72700273902 /* 94. Binary Tree Inorder Traversal */,
				BE86ED62295A316400ACA2BF /* 121. Best Time to Buy and Sell Stock */,
				BE41E1262964AFFC00273902 /* 144. Binary Tree Preorder Traversal */,
				BE41E12E2964F70F00273902 /* 145. Binary Tree Postorder Traversal */,
				BE86ED562958FFA600ACA2BF /* 217. Contains Duplicate */,
				BE41E1062963811B00273902 /* 219. Contains Duplicate II */,
				BE41E0F4295F6BEB00273902 /* 238. Product of Array Except Self */,
				BE86ED8F295B91D800ACA2BF /* 242. Valid Anagram */,
				BE41E19D29722C3600273902 /* 297. Serialize and Deserialize Binary Tree */,
				BE41E141296647F800273902 /* 366. Find Leaves of Binary Tree */,
				BE41E15E296CB40300273902 /* 496. Next Greater Element I */,
				BE41E13D2966122A00273902 /* 1228. Missing Number In Arithmetic Progression */,
			);
			path = leetcode;
			sourceTree = "<group>";
		};
		BE86ED4429567A8300ACA2BF /* 1. Two Sum */ = {
			isa = PBXGroup;
			children = (
				BE86ED4629567AEF00ACA2BF /* 1-TwoSum.swift */,
				BE41E11D2964ACE000273902 /* README.md */,
			);
			path = "1. Two Sum";
			sourceTree = "<group>";
		};
		BE86ED482957F3B900ACA2BF /* Day 10 */ = {
			isa = PBXGroup;
			children = (
				BE86ED4A2957F40F00ACA2BF /* Day10.swift */,
				BE41E1132964ABF400273902 /* README.md */,
			);
			path = "Day 10";
			sourceTree = "<group>";
		};
		BE86ED4C2958D64A00ACA2BF /* Day 11 */ = {
			isa = PBXGroup;
			children = (
				BE86ED4F2958D6B800ACA2BF /* Day11.swift */,
				BE41E1092964AAE000273902 /* README.md */,
			);
			path = "Day 11";
			sourceTree = "<group>";
		};
		BE86ED562958FFA600ACA2BF /* 217. Contains Duplicate */ = {
			isa = PBXGroup;
			children = (
				BE86ED572958FFC600ACA2BF /* 217-ContainsDuplicate.swift */,
				BE41E1222964AD1600273902 /* README.md */,
			);
			path = "217. Contains Duplicate";
			sourceTree = "<group>";
		};
		BE86ED5A295A18D700ACA2BF /* Day 12 */ = {
			isa = PBXGroup;
			children = (
				BE86ED5C295A1BBA00ACA2BF /* Day12.swift */,
				BE41E1142964AC0E00273902 /* README.md */,
			);
			path = "Day 12";
			sourceTree = "<group>";
		};
		BE86ED62295A316400ACA2BF /* 121. Best Time to Buy and Sell Stock */ = {
			isa = PBXGroup;
			children = (
				BE86ED64295A316400ACA2BF /* 121-maxProfit.swift */,
				BE41E1212964AD0C00273902 /* README.md */,
			);
			path = "121. Best Time to Buy and Sell Stock";
			sourceTree = "<group>";
		};
		BE86ED85295A63F000ACA2BF /* Day 13 */ = {
			isa = PBXGroup;
			children = (
				BE86ED86295A640600ACA2BF /* Day13.swift */,
				BE41E1152964AC1C00273902 /* README.md */,
			);
			path = "Day 13";
			sourceTree = "<group>";
		};
		BE86ED89295B790D00ACA2BF /* GIQ */ = {
			isa = PBXGroup;
			children = (
				BE86ED8E295B7B7900ACA2BF /* Find Toppled Bricks */,
			);
			path = GIQ;
			sourceTree = "<group>";
		};
		BE86ED8E295B7B7900ACA2BF /* Find Toppled Bricks */ = {
			isa = PBXGroup;
			children = (
				BE86ED8C295B7B7400ACA2BF /* FindToppledBricks.swift */,
				BE41E11C2964ACCE00273902 /* README.md */,
			);
			path = "Find Toppled Bricks";
			sourceTree = "<group>";
		};
		BE86ED8F295B91D800ACA2BF /* 242. Valid Anagram */ = {
			isa = PBXGroup;
			children = (
				BE86ED90295B91F600ACA2BF /* 242-ValidAnagram.swift */,
				BE41E1252964AD3500273902 /* README.md */,
			);
			path = "242. Valid Anagram";
			sourceTree = "<group>";
		};
		BE86EDBE295CB56100ACA2BF /* Day 14 */ = {
			isa = PBXGroup;
			children = (
				BE86EDC1295CB5C700ACA2BF /* Day14.swift */,
				BE41E1162964AC2F00273902 /* README.md */,
			);
			path = "Day 14";
			sourceTree = "<group>";
		};
/* End PBXGroup section */

/* Begin PBXNativeTarget section */
		BE86ECC6294BF70300ACA2BF /* coding-challenges */ = {
			isa = PBXNativeTarget;
			buildConfigurationList = BE86ECCE294BF70300ACA2BF /* Build configuration list for PBXNativeTarget "coding-challenges" */;
			buildPhases = (
				BE86ECC3294BF70300ACA2BF /* Sources */,
				BE86ECC4294BF70300ACA2BF /* Frameworks */,
				BE86ECC5294BF70300ACA2BF /* CopyFiles */,
			);
			buildRules = (
			);
			dependencies = (
			);
			name = "coding-challenges";
			packageProductDependencies = (
			);
			productName = DCP;
			productReference = BE86ECC7294BF70300ACA2BF /* coding-challenges */;
			productType = "com.apple.product-type.tool";
		};
		BE86ECE629503EBF00ACA2BF /* Tests */ = {
			isa = PBXNativeTarget;
			buildConfigurationList = BE86ECED29503EBF00ACA2BF /* Build configuration list for PBXNativeTarget "Tests" */;
			buildPhases = (
				BE86ECE329503EBF00ACA2BF /* Sources */,
				BE86ECE429503EBF00ACA2BF /* Frameworks */,
				BE86ECE529503EBF00ACA2BF /* Resources */,
			);
			buildRules = (
			);
			dependencies = (
			);
			name = Tests;
			productName = Tests;
			productReference = BE86ECE729503EBF00ACA2BF /* Tests.xctest */;
			productType = "com.apple.product-type.bundle.unit-test";
		};
/* End PBXNativeTarget section */

/* Begin PBXProject section */
		BE86ECBF294BF70300ACA2BF /* Project object */ = {
			isa = PBXProject;
			attributes = {
				BuildIndependentTargetsInParallel = 1;
				LastSwiftUpdateCheck = 1420;
				LastUpgradeCheck = 1420;
				TargetAttributes = {
					BE86ECC6294BF70300ACA2BF = {
						CreatedOnToolsVersion = 14.2;
						LastSwiftMigration = 1420;
					};
					BE86ECE629503EBF00ACA2BF = {
						CreatedOnToolsVersion = 14.2;
					};
				};
			};
			buildConfigurationList = BE86ECC2294BF70300ACA2BF /* Build configuration list for PBXProject "coding-challenges" */;
			compatibilityVersion = "Xcode 14.0";
			developmentRegion = en;
			hasScannedForEncodings = 0;
			knownRegions = (
				en,
				Base,
			);
			mainGroup = BE86ECBE294BF70300ACA2BF;
			packageReferences = (
			);
			productRefGroup = BE86ECC8294BF70300ACA2BF /* Products */;
			projectDirPath = "";
			projectRoot = "";
			targets = (
				BE86ECC6294BF70300ACA2BF /* coding-challenges */,
				BE86ECE629503EBF00ACA2BF /* Tests */,
			);
		};
/* End PBXProject section */

/* Begin PBXResourcesBuildPhase section */
		BE86ECE529503EBF00ACA2BF /* Resources */ = {
			isa = PBXResourcesBuildPhase;
			buildActionMask = 2147483647;
			files = (
			);
			runOnlyForDeploymentPostprocessing = 0;
		};
/* End PBXResourcesBuildPhase section */

/* Begin PBXSourcesBuildPhase section */
		BE86ECC3294BF70300ACA2BF /* Sources */ = {
			isa = PBXSourcesBuildPhase;
			buildActionMask = 2147483647;
			files = (
			);
			runOnlyForDeploymentPostprocessing = 0;
		};
		BE86ECE329503EBF00ACA2BF /* Sources */ = {
			isa = PBXSourcesBuildPhase;
			buildActionMask = 2147483647;
			files = (
				BE86ED4729567AEF00ACA2BF /* 1-TwoSum.swift in Sources */,
				BE41E18A296F542900273902 /* Day196.swift in Sources */,
				BE41E16A296E090C00273902 /* 11-ContainerWithMostWater.swift in Sources */,
				BE41E13C2965F0CD00273902 /* Day21.swift in Sources */,
				BE41E09F295CD7A400273902 /* 20-ValidParentheses.swift in Sources */,
				BE41E1512968C65E00273902 /* UnderscorifySubstring.swift in Sources */,
				BE41E15C296C872E00273902 /* Day26.swift in Sources */,
				BE41E1082963814400273902 /* 219-ContainsDuplicateII.swift in Sources */,
				BE41E19C2972179900273902 /* 9-PalindromeNumber.swift in Sources */,
				BE86ED3D2956785400ACA2BF /* Day5.swift in Sources */,
				BE41E0F6295F6C1500273902 /* 238-ProductOfArrayExceptSelf.swift in Sources */,
				BE41E14829677E8800273902 /* Day22.swift in Sources */,
				BE41E14C2968A2D600273902 /* Day23.swift in Sources */,
				BE86ED552958FBE900ACA2BF /* Day11.swift in Sources */,
				BE86ED3E2956785F00ACA2BF /* Day4.swift in Sources */,
				BE41E0CC295E0E5400273902 /* Day15.swift in Sources */,
				BE41E190296F75B500273902 /* Day273.swift in Sources */,
				BE41E182296E178200273902 /* Day53.swift in Sources */,
				BE86ED3A2956781E00ACA2BF /* Day9.swift in Sources */,
				BE41E186296F330D00273902 /* Day93.swift in Sources */,
				BE86ED402956787000ACA2BF /* Day2.swift in Sources */,
				BE41E10429635C8C00273902 /* Day19.swift in Sources */,
				BE41E12D2964B93400273902 /* Day20.swift in Sources */,
				BE86ED412956787B00ACA2BF /* Day1.swift in Sources */,
				BE41E19F29722C5600273902 /* 297-SerializeAndDeserializeBinaryTree.swift in Sources */,
				BE41E188296F4CA900273902 /* Day148.swift in Sources */,
				BE41E1A229722CA200273902 /* SerializeAndDeserializeLinkedList.swift in Sources */,
				BE41E0CF295E1E4100273902 /* 53-MaximumSubarray.swift in Sources */,
				BE41E155296A207200273902 /* Day24.swift in Sources */,
				BE86ED3C2956783C00ACA2BF /* Day7.swift in Sources */,
				BE41E1292964B06900273902 /* 144-BinaryTreePreorderTraversal.swift in Sources */,
				BE86ED87295A640600ACA2BF /* Day13.swift in Sources */,
				BE41E1402966127800273902 /* 1228-MissingNumberInArithmeticProgression.swift in Sources */,
				BE86ED67295A316400ACA2BF /* 121-maxProfit.swift in Sources */,
				BE41E159296A889A00273902 /* Day25.swift in Sources */,
				BE86EDC2295CB5C700ACA2BF /* Day14.swift in Sources */,
				BE41E0FD296215BD00273902 /* Day18.swift in Sources */,
				BE41E1312964F7F400273902 /* 94-BinaryTreeInorderTraversal.swift in Sources */,
				BE86ED4B2957F40F00ACA2BF /* Day10.swift in Sources */,
				BE41E184296E6D2800273902 /* Day74.swift in Sources */,
				BE41E192296F828F00273902 /* Day318.swift in Sources */,
				BE86ED91295B91F600ACA2BF /* 242-ValidAnagram.swift in Sources */,
				BE41E18E296F6C3100273902 /* Day233.swift in Sources */,
				BE86ED3F2956786500ACA2BF /* Day3.swift in Sources */,
				BE41E194296F83AC00273902 /* Day337.swift in Sources */,
				BE41E18C296F610D00273902 /* Day210.swift in Sources */,
				BE41E0F3295F552000273902 /* Day16.swift in Sources */,
				BE86ED8D295B7B7400ACA2BF /* FindToppledBricks.swift in Sources */,
				BE41E1352964F8A100273902 /* 145-BinaryTreePostorderTraversal.swift in Sources */,
				BE86ED422956789700ACA2BF /* Day6.swift in Sources */,
				BE41E0FA2960CE6300273902 /* Day17.swift in Sources */,
				BE41E165296DF43B00273902 /* Day27.swift in Sources */,
				BE86ED5E295A1BC000ACA2BF /* Day12.swift in Sources */,
				BE41E1442966483D00273902 /* 366-FindLeavesOfBinaryTree.swift in Sources */,
				BE86ED3B2956783400ACA2BF /* Day8.swift in Sources */,
				BE86ED592958FFCA00ACA2BF /* 217-ContainsDuplicate.swift in Sources */,
				BE41E19A2970B11D00273902 /* 67-AddBinary.swift in Sources */,
				BE41E10129622D2D00273902 /* 15-3Sum.swift in Sources */,
				BE41E161296CB45D00273902 /* 496-NextGreaterElementI.swift in Sources */,
			);
			runOnlyForDeploymentPostprocessing = 0;
		};
/* End PBXSourcesBuildPhase section */

/* Begin XCBuildConfiguration section */
		BE86ECCC294BF70300ACA2BF /* Debug */ = {
			isa = XCBuildConfiguration;
			buildSettings = {
				ALWAYS_SEARCH_USER_PATHS = NO;
				CLANG_ANALYZER_NONNULL = YES;
				CLANG_ANALYZER_NUMBER_OBJECT_CONVERSION = YES_AGGRESSIVE;
				CLANG_CXX_LANGUAGE_STANDARD = "gnu++20";
				CLANG_ENABLE_MODULES = YES;
				CLANG_ENABLE_OBJC_ARC = YES;
				CLANG_ENABLE_OBJC_WEAK = YES;
				CLANG_WARN_BLOCK_CAPTURE_AUTORELEASING = YES;
				CLANG_WARN_BOOL_CONVERSION = YES;
				CLANG_WARN_COMMA = YES;
				CLANG_WARN_CONSTANT_CONVERSION = YES;
				CLANG_WARN_DEPRECATED_OBJC_IMPLEMENTATIONS = YES;
				CLANG_WARN_DIRECT_OBJC_ISA_USAGE = YES_ERROR;
				CLANG_WARN_DOCUMENTATION_COMMENTS = YES;
				CLANG_WARN_EMPTY_BODY = YES;
				CLANG_WARN_ENUM_CONVERSION = YES;
				CLANG_WARN_INFINITE_RECURSION = YES;
				CLANG_WARN_INT_CONVERSION = YES;
				CLANG_WARN_NON_LITERAL_NULL_CONVERSION = YES;
				CLANG_WARN_OBJC_IMPLICIT_RETAIN_SELF = YES;
				CLANG_WARN_OBJC_LITERAL_CONVERSION = YES;
				CLANG_WARN_OBJC_ROOT_CLASS = YES_ERROR;
				CLANG_WARN_QUOTED_INCLUDE_IN_FRAMEWORK_HEADER = YES;
				CLANG_WARN_RANGE_LOOP_ANALYSIS = YES;
				CLANG_WARN_STRICT_PROTOTYPES = YES;
				CLANG_WARN_SUSPICIOUS_MOVE = YES;
				CLANG_WARN_UNGUARDED_AVAILABILITY = YES_AGGRESSIVE;
				CLANG_WARN_UNREACHABLE_CODE = YES;
				CLANG_WARN__DUPLICATE_METHOD_MATCH = YES;
				COPY_PHASE_STRIP = NO;
				DEBUG_INFORMATION_FORMAT = dwarf;
				ENABLE_STRICT_OBJC_MSGSEND = YES;
				ENABLE_TESTABILITY = YES;
				GCC_C_LANGUAGE_STANDARD = gnu11;
				GCC_DYNAMIC_NO_PIC = NO;
				GCC_NO_COMMON_BLOCKS = YES;
				GCC_OPTIMIZATION_LEVEL = 0;
				GCC_PREPROCESSOR_DEFINITIONS = (
					"DEBUG=1",
					"$(inherited)",
				);
				GCC_WARN_64_TO_32_BIT_CONVERSION = YES;
				GCC_WARN_ABOUT_RETURN_TYPE = YES_ERROR;
				GCC_WARN_UNDECLARED_SELECTOR = YES;
				GCC_WARN_UNINITIALIZED_AUTOS = YES_AGGRESSIVE;
				GCC_WARN_UNUSED_FUNCTION = YES;
				GCC_WARN_UNUSED_VARIABLE = YES;
				MACOSX_DEPLOYMENT_TARGET = 13.1;
				MTL_ENABLE_DEBUG_INFO = INCLUDE_SOURCE;
				MTL_FAST_MATH = YES;
				ONLY_ACTIVE_ARCH = YES;
				SDKROOT = macosx;
				SWIFT_ACTIVE_COMPILATION_CONDITIONS = DEBUG;
				SWIFT_OPTIMIZATION_LEVEL = "-Onone";
			};
			name = Debug;
		};
		BE86ECCD294BF70300ACA2BF /* Release */ = {
			isa = XCBuildConfiguration;
			buildSettings = {
				ALWAYS_SEARCH_USER_PATHS = NO;
				CLANG_ANALYZER_NONNULL = YES;
				CLANG_ANALYZER_NUMBER_OBJECT_CONVERSION = YES_AGGRESSIVE;
				CLANG_CXX_LANGUAGE_STANDARD = "gnu++20";
				CLANG_ENABLE_MODULES = YES;
				CLANG_ENABLE_OBJC_ARC = YES;
				CLANG_ENABLE_OBJC_WEAK = YES;
				CLANG_WARN_BLOCK_CAPTURE_AUTORELEASING = YES;
				CLANG_WARN_BOOL_CONVERSION = YES;
				CLANG_WARN_COMMA = YES;
				CLANG_WARN_CONSTANT_CONVERSION = YES;
				CLANG_WARN_DEPRECATED_OBJC_IMPLEMENTATIONS = YES;
				CLANG_WARN_DIRECT_OBJC_ISA_USAGE = YES_ERROR;
				CLANG_WARN_DOCUMENTATION_COMMENTS = YES;
				CLANG_WARN_EMPTY_BODY = YES;
				CLANG_WARN_ENUM_CONVERSION = YES;
				CLANG_WARN_INFINITE_RECURSION = YES;
				CLANG_WARN_INT_CONVERSION = YES;
				CLANG_WARN_NON_LITERAL_NULL_CONVERSION = YES;
				CLANG_WARN_OBJC_IMPLICIT_RETAIN_SELF = YES;
				CLANG_WARN_OBJC_LITERAL_CONVERSION = YES;
				CLANG_WARN_OBJC_ROOT_CLASS = YES_ERROR;
				CLANG_WARN_QUOTED_INCLUDE_IN_FRAMEWORK_HEADER = YES;
				CLANG_WARN_RANGE_LOOP_ANALYSIS = YES;
				CLANG_WARN_STRICT_PROTOTYPES = YES;
				CLANG_WARN_SUSPICIOUS_MOVE = YES;
				CLANG_WARN_UNGUARDED_AVAILABILITY = YES_AGGRESSIVE;
				CLANG_WARN_UNREACHABLE_CODE = YES;
				CLANG_WARN__DUPLICATE_METHOD_MATCH = YES;
				COPY_PHASE_STRIP = NO;
				DEBUG_INFORMATION_FORMAT = "dwarf-with-dsym";
				ENABLE_NS_ASSERTIONS = NO;
				ENABLE_STRICT_OBJC_MSGSEND = YES;
				GCC_C_LANGUAGE_STANDARD = gnu11;
				GCC_NO_COMMON_BLOCKS = YES;
				GCC_WARN_64_TO_32_BIT_CONVERSION = YES;
				GCC_WARN_ABOUT_RETURN_TYPE = YES_ERROR;
				GCC_WARN_UNDECLARED_SELECTOR = YES;
				GCC_WARN_UNINITIALIZED_AUTOS = YES_AGGRESSIVE;
				GCC_WARN_UNUSED_FUNCTION = YES;
				GCC_WARN_UNUSED_VARIABLE = YES;
				MACOSX_DEPLOYMENT_TARGET = 13.1;
				MTL_ENABLE_DEBUG_INFO = NO;
				MTL_FAST_MATH = YES;
				SDKROOT = macosx;
				SWIFT_COMPILATION_MODE = wholemodule;
				SWIFT_OPTIMIZATION_LEVEL = "-O";
			};
			name = Release;
		};
		BE86ECCF294BF70300ACA2BF /* Debug */ = {
			isa = XCBuildConfiguration;
			buildSettings = {
				CLANG_ENABLE_MODULES = YES;
				CODE_SIGN_STYLE = Automatic;
				LD_RUNPATH_SEARCH_PATHS = (
					"$(inherited)",
					"@executable_path/../Frameworks",
					"@loader_path/../Frameworks",
				);
				PRODUCT_NAME = "$(TARGET_NAME)";
				SWIFT_OPTIMIZATION_LEVEL = "-Onone";
				SWIFT_VERSION = 5.0;
			};
			name = Debug;
		};
		BE86ECD0294BF70300ACA2BF /* Release */ = {
			isa = XCBuildConfiguration;
			buildSettings = {
				CLANG_ENABLE_MODULES = YES;
				CODE_SIGN_STYLE = Automatic;
				LD_RUNPATH_SEARCH_PATHS = (
					"$(inherited)",
					"@executable_path/../Frameworks",
					"@loader_path/../Frameworks",
				);
				PRODUCT_NAME = "$(TARGET_NAME)";
				SWIFT_VERSION = 5.0;
			};
			name = Release;
		};
		BE86ECEB29503EBF00ACA2BF /* Debug */ = {
			isa = XCBuildConfiguration;
			buildSettings = {
				CODE_SIGN_STYLE = Automatic;
				CURRENT_PROJECT_VERSION = 1;
				GENERATE_INFOPLIST_FILE = YES;
				MARKETING_VERSION = 1.0;
				PRODUCT_BUNDLE_IDENTIFIER = "-----.Tests";
				PRODUCT_NAME = "$(TARGET_NAME)";
				SWIFT_EMIT_LOC_STRINGS = NO;
				SWIFT_VERSION = 5.0;
			};
			name = Debug;
		};
		BE86ECEC29503EBF00ACA2BF /* Release */ = {
			isa = XCBuildConfiguration;
			buildSettings = {
				CODE_SIGN_STYLE = Automatic;
				CURRENT_PROJECT_VERSION = 1;
				GENERATE_INFOPLIST_FILE = YES;
				MARKETING_VERSION = 1.0;
				PRODUCT_BUNDLE_IDENTIFIER = "-----.Tests";
				PRODUCT_NAME = "$(TARGET_NAME)";
				SWIFT_EMIT_LOC_STRINGS = NO;
				SWIFT_VERSION = 5.0;
			};
			name = Release;
		};
/* End XCBuildConfiguration section */

/* Begin XCConfigurationList section */
		BE86ECC2294BF70300ACA2BF /* Build configuration list for PBXProject "coding-challenges" */ = {
			isa = XCConfigurationList;
			buildConfigurations = (
				BE86ECCC294BF70300ACA2BF /* Debug */,
				BE86ECCD294BF70300ACA2BF /* Release */,
			);
			defaultConfigurationIsVisible = 0;
			defaultConfigurationName = Release;
		};
		BE86ECCE294BF70300ACA2BF /* Build configuration list for PBXNativeTarget "coding-challenges" */ = {
			isa = XCConfigurationList;
			buildConfigurations = (
				BE86ECCF294BF70300ACA2BF /* Debug */,
				BE86ECD0294BF70300ACA2BF /* Release */,
			);
			defaultConfigurationIsVisible = 0;
			defaultConfigurationName = Release;
		};
		BE86ECED29503EBF00ACA2BF /* Build configuration list for PBXNativeTarget "Tests" */ = {
			isa = XCConfigurationList;
			buildConfigurations = (
				BE86ECEB29503EBF00ACA2BF /* Debug */,
				BE86ECEC29503EBF00ACA2BF /* Release */,
			);
			defaultConfigurationIsVisible = 0;
			defaultConfigurationName = Release;
		};
/* End XCConfigurationList section */
	};
	rootObject = BE86ECBF294BF70300ACA2BF /* Project object */;
}
